// !$*UTF8*$!
{
	archiveVersion = 1;
	classes = {
	};
	objectVersion = 39;
	objects = {
		089C165FFE840EACC02AAC07 = {
			children = (
				089C1660FE840EACC02AAC07,
			);
			isa = PBXVariantGroup;
			name = InfoPlist.strings;
			refType = 4;
			sourceTree = "<group>";
		};
		089C1660FE840EACC02AAC07 = {
			fileEncoding = 10;
			isa = PBXFileReference;
			lastKnownFileType = text.plist.strings;
			name = English;
			path = English.lproj/InfoPlist.strings;
			refType = 4;
			sourceTree = "<group>";
		};
//080
//081
//082
//083
//084
//100
//101
//102
//103
//104
		1058C7A6FEA54F5311CA2CBB = {
			children = (
				1058C7A7FEA54F5311CA2CBB,
			);
			isa = PBXGroup;
			name = "Linked Frameworks";
			refType = 4;
			sourceTree = "<group>";
		};
		1058C7A7FEA54F5311CA2CBB = {
			isa = PBXFileReference;
			lastKnownFileType = wrapper.framework;
			name = Cocoa.framework;
			path = /System/Library/Frameworks/Cocoa.framework;
			refType = 0;
			sourceTree = "<absolute>";
		};
		1058C7A8FEA54F5311CA2CBB = {
			children = (
				CF3B8A9B058CD21900D682D2,
				2A37F4C5FDCFA73011CA2CEA,
				2A37F4C4FDCFA73011CA2CEA,
			);
			isa = PBXGroup;
			name = "Other Frameworks";
			refType = 4;
			sourceTree = "<group>";
		};
//100
//101
//102
//103
//104
//190
//191
//192
//193
//194
		19C28FB0FE9D524F11CA2CBB = {
			children = (
				8D15AC370486D014006FF6A4,
				CFA61CF6061095160089CEA5,
				CFA61CF8061095160089CEA5,
			);
			isa = PBXGroup;
			name = Products;
			refType = 4;
			sourceTree = "<group>";
		};
//190
//191
//192
//193
//194
//2A0
//2A1
//2A2
//2A3
//2A4
		2A37F4A9FDCFA73011CA2CEA = {
			buildSettings = {
				MACOSX_DEPLOYMENT_TARGET = 10.3;
				SDKROOT = /Developer/SDKs/MacOSX10.3.9.sdk;
			};
			buildStyles = (
				CFA7AB90058DAD29009AC1FE,
			);
			hasScannedForEncodings = 1;
			isa = PBXProject;
			mainGroup = 2A37F4AAFDCFA73011CA2CEA;
			projectDirPath = "";
			targets = (
				8D15AC270486D014006FF6A4,
				8DD76F620486A84900D96B5E,
				CF7A1402058CEFE2007126C1,
			);
		};
		2A37F4AAFDCFA73011CA2CEA = {
			children = (
				CFF53732057A4E5000854C83,
				CFF53737057A4E9400854C83,
				CFF5381C057A545B00854C83,
				2A37F4AFFDCFA73011CA2CEA,
				2A37F4B8FDCFA73011CA2CEA,
				2A37F4C3FDCFA73011CA2CEA,
				CFF98D79058CCDA000176BCE,
				19C28FB0FE9D524F11CA2CBB,
			);
			isa = PBXGroup;
			name = essai_cocoa;
			path = "";
			refType = 4;
			sourceTree = "<group>";
		};
		2A37F4AFFDCFA73011CA2CEA = {
			children = (
				CFB4DAD0063CF5B7002FD35C,
			);
			isa = PBXGroup;
			name = "Other Sources";
			path = "";
			refType = 4;
			sourceTree = "<group>";
		};
		2A37F4B8FDCFA73011CA2CEA = {
			children = (
				CFA61CDA061092C10089CEA5,
				CFA61CDB061092C10089CEA5,
				2A37F4B9FDCFA73011CA2CEA,
				CFC30F92058A225E003D0386,
				089C165FFE840EACC02AAC07,
			);
			isa = PBXGroup;
			name = Resources;
			path = "";
			refType = 4;
			sourceTree = "<group>";
		};
		2A37F4B9FDCFA73011CA2CEA = {
			children = (
				2A37F4BAFDCFA73011CA2CEA,
			);
			isa = PBXVariantGroup;
			name = Credits.rtf;
			path = "";
			refType = 4;
			sourceTree = "<group>";
		};
		2A37F4BAFDCFA73011CA2CEA = {
			isa = PBXFileReference;
			lastKnownFileType = text.rtf;
			name = English;
			path = English.lproj/Credits.rtf;
			refType = 4;
			sourceTree = "<group>";
		};
		2A37F4C3FDCFA73011CA2CEA = {
			children = (
				1058C7A6FEA54F5311CA2CBB,
				1058C7A8FEA54F5311CA2CBB,
			);
			isa = PBXGroup;
			name = Frameworks;
			path = "";
			refType = 4;
			sourceTree = "<group>";
		};
		2A37F4C4FDCFA73011CA2CEA = {
			isa = PBXFileReference;
			lastKnownFileType = wrapper.framework;
			name = AppKit.framework;
			path = /System/Library/Frameworks/AppKit.framework;
			refType = 0;
			sourceTree = "<absolute>";
		};
		2A37F4C5FDCFA73011CA2CEA = {
			isa = PBXFileReference;
			lastKnownFileType = wrapper.framework;
			name = Foundation.framework;
			path = /System/Library/Frameworks/Foundation.framework;
			refType = 0;
			sourceTree = "<absolute>";
		};
//2A0
//2A1
//2A2
//2A3
//2A4
//8D0
//8D1
//8D2
//8D3
//8D4
		8D15AC270486D014006FF6A4 = {
			buildPhases = (
				8D15AC2B0486D014006FF6A4,
				8D15AC300486D014006FF6A4,
				8D15AC330486D014006FF6A4,
			);
			buildRules = (
				CFCD26360850C97800A26954,
			);
			buildSettings = {
				DEPLOYMENT_LOCATION = NO;
				FRAMEWORK_SEARCH_PATHS = "";
				GCC_ENABLE_CPP_RTTI = NO;
				GCC_ENABLE_TRIGRAPHS = NO;
				GCC_GENERATE_DEBUGGING_SYMBOLS = NO;
				GCC_OPTIMIZATION_LEVEL = 1;
				GCC_PRECOMPILE_PREFIX_HEADER = YES;
				GCC_PREFIX_HEADER = ../../libpm/cocoa_galgas/PP_CocoaGalgasPrefix.pch;
				GCC_SHORT_ENUMS = YES;
				GCC_WARN_ABOUT_MISSING_PROTOTYPES = YES;
				GCC_WARN_ALLOW_INCOMPLETE_PROTOCOL = YES;
				GCC_WARN_CHECK_SWITCH_STATEMENTS = YES;
				GCC_WARN_EFFECTIVE_CPLUSPLUS_VIOLATIONS = NO;
				GCC_WARN_FOUR_CHARACTER_CONSTANTS = NO;
				GCC_WARN_HIDDEN_VIRTUAL_FUNCTIONS = NO;
				GCC_WARN_INITIALIZER_NOT_FULLY_BRACKETED = NO;
				GCC_WARN_MISSING_PARENTHESES = NO;
				GCC_WARN_NON_VIRTUAL_DESTRUCTOR = NO;
				GCC_WARN_PEDANTIC = NO;
				GCC_WARN_SHADOW = NO;
				GCC_WARN_TYPECHECK_CALLS_TO_PRINTF = YES;
				GCC_WARN_UNINITIALIZED_AUTOS = NO;
				GCC_WARN_UNKNOWN_PRAGMAS = YES;
				GCC_WARN_UNUSED_FUNCTION = NO;
				GCC_WARN_UNUSED_LABEL = NO;
				GCC_WARN_UNUSED_PARAMETER = NO;
				GCC_WARN_UNUSED_VALUE = NO;
				GCC_WARN_UNUSED_VARIABLE = NO;
				HEADER_SEARCH_PATHS = "../galgas_sources/GALGAS_OUTPUT ../hand_coded_sources ../../libpm";
				INFOPLIST_FILE = Info.plist;
				INSTALL_PATH = "$(HOME)/Applications";
				LIBRARY_SEARCH_PATHS = "";
				OTHER_CFLAGS = "-Wall -DDO_NOT_GENERATE_MEMORY_CHECK_CODE";
				OTHER_LDFLAGS = "";
				PREBINDING = YES;
				PRODUCT_NAME = cocoaSara;
				SECTORDER_FLAGS = "";
				WARNING_CFLAGS = "-Wmost -Wno-four-char-constants -Wno-unknown-pragmas";
				WRAPPER_EXTENSION = app;
			};
			dependencies = (
				CF819BE707AE65D0000408D9,
				CF8C665F0850719900BFE117,
			);
			isa = PBXNativeTarget;
			name = "Cocoa Sara";
			productInstallPath = "$(HOME)/Applications";
			productName = essai_cocoa;
			productReference = 8D15AC370486D014006FF6A4;
			productType = "com.apple.product-type.application";
		};
		8D15AC2B0486D014006FF6A4 = {
			buildActionMask = 2147483647;
			files = (
				8D15AC2C0486D014006FF6A4,
				8D15AC2F0486D014006FF6A4,
				CFC30F93058A225E003D0386,
				CFA61CDC061092C10089CEA5,
				CFA61CDD061092C10089CEA5,
				CFA61CFA0610951F0089CEA5,
				CFCD26D90850D5D000A26954,
				CF825D54085386810077AEAF,
				CF825D55085386810077AEAF,
				CF825D56085386810077AEAF,
				CF825D57085386810077AEAF,
				CF825D610853868A0077AEAF,
				CF825D620853868A0077AEAF,
			);
			isa = PBXResourcesBuildPhase;
			runOnlyForDeploymentPostprocessing = 0;
		};
		8D15AC2C0486D014006FF6A4 = {
			fileRef = 2A37F4B9FDCFA73011CA2CEA;
			isa = PBXBuildFile;
			settings = {
			};
		};
		8D15AC2F0486D014006FF6A4 = {
			fileRef = 089C165FFE840EACC02AAC07;
			isa = PBXBuildFile;
			settings = {
			};
		};
		8D15AC300486D014006FF6A4 = {
			buildActionMask = 2147483647;
			files = (
				CFA7ADBD058DB57E009AC1FE,
				CFA7ADD7058DB5DF009AC1FE,
				CFA61CD7061092070089CEA5,
				CFA61CD8061092090089CEA5,
				CFA61CDF0610934C0089CEA5,
				CFB4DADB063CF5C3002FD35C,
				CF825D58085386810077AEAF,
				CF825D59085386810077AEAF,
				CF825D5A085386810077AEAF,
				CF825D5B085386810077AEAF,
				CF825D5C085386810077AEAF,
				CF825DFF085388270077AEAF,
				CF825E00085388280077AEAF,
				CF825E01085388290077AEAF,
				CF825E020853882D0077AEAF,
				CF825E030853882F0077AEAF,
				CF825E04085388410077AEAF,
				CF825E05085388470077AEAF,
				CF825E060853884D0077AEAF,
				CF825E070853884E0077AEAF,
				CF825E080853885D0077AEAF,
				CF825E09085388600077AEAF,
			);
			isa = PBXSourcesBuildPhase;
			runOnlyForDeploymentPostprocessing = 0;
		};
		8D15AC330486D014006FF6A4 = {
			buildActionMask = 2147483647;
			files = (
				8D15AC340486D014006FF6A4,
			);
			isa = PBXFrameworksBuildPhase;
			runOnlyForDeploymentPostprocessing = 0;
		};
		8D15AC340486D014006FF6A4 = {
			fileRef = 1058C7A7FEA54F5311CA2CBB;
			isa = PBXBuildFile;
			settings = {
			};
		};
		8D15AC370486D014006FF6A4 = {
			explicitFileType = wrapper.application;
			includeInIndex = 0;
			isa = PBXFileReference;
			path = cocoaSara.app;
			refType = 3;
			sourceTree = BUILT_PRODUCTS_DIR;
		};
		8DD76F620486A84900D96B5E = {
			buildPhases = (
				8DD76F630486A84900D96B5E,
				8DD76F640486A84900D96B5E,
				8DD76F660486A84900D96B5E,
				8DD76F680486A84900D96B5E,
				8DD76F690486A84900D96B5E,
			);
			buildRules = (
				CFCD26340850C95400A26954,
			);
			buildSettings = {
				DEPLOYMENT_LOCATION = NO;
				FRAMEWORK_SEARCH_PATHS = "";
				GCC_ENABLE_TRIGRAPHS = NO;
				GCC_OPTIMIZATION_LEVEL = 1;
				GCC_PRECOMPILE_PREFIX_HEADER = YES;
				GCC_PREFIX_HEADER = ../../libpm/galgas/PP_GalgasPrefix.pch;
				GCC_WARN_ABOUT_MISSING_PROTOTYPES = NO;
				GCC_WARN_FOUR_CHARACTER_CONSTANTS = NO;
				GCC_WARN_UNKNOWN_PRAGMAS = NO;
				HEADER_SEARCH_PATHS = "../galgas_sources/GALGAS_OUTPUT ../hand_coded_sources ../../libpm";
				INSTALL_PATH = "$(HOME)/bin";
				LIBRARY_SEARCH_PATHS = /usr/lib/gcc/darwin/3.3;
				OTHER_LDFLAGS = "";
				PRODUCT_NAME = sara;
				WARNING_CFLAGS = "-Wmost -Wno-four-char-constants -Wno-unknown-pragmas";
				ZERO_LINK = NO;
			};
			dependencies = (
			);
			isa = PBXNativeTarget;
			name = "Sara tool";
			productInstallPath = "$(HOME)/bin";
			productName = galgas;
			productReference = CFA61CF6061095160089CEA5;
			productType = "com.apple.product-type.tool";
		};
		8DD76F630486A84900D96B5E = {
			buildActionMask = 2147483647;
			files = (
				CF2A8823058CCF0F003EF2F4,
				CF2A8828058CCF2B003EF2F4,
				CF2A882C058CCF2E003EF2F4,
				CF2A882E058CCF30003EF2F4,
				CF2A8830058CCF33003EF2F4,
				CF2A8841058CCF42003EF2F4,
				CF2A8843058CCF43003EF2F4,
				CF2A8845058CCF45003EF2F4,
				CF2A8847058CCF49003EF2F4,
				CF2A8849058CCF4B003EF2F4,
				CF2A884B058CCF4C003EF2F4,
				CF2A884D058CCF4E003EF2F4,
				CF2A884F058CCF50003EF2F4,
				CF2A8851058CCF52003EF2F4,
				CF2A8853058CCF54003EF2F4,
				CF2A8855058CCF55003EF2F4,
				CF2A8857058CCF57003EF2F4,
				CF3B8A80058CD05C00D682D2,
				CFA61CB7061090380089CEA5,
				CFA61CB9061090380089CEA5,
				CFA61CBB061090380089CEA5,
				CFA61CBD061090380089CEA5,
				CFA61CBF061090380089CEA5,
				CFA61CC1061090380089CEA5,
				CF0846C506637E9E009D1770,
				CF0846C606637E9E009D1770,
				CF0846C706637E9E009D1770,
				CF0846C806637E9E009D1770,
				CF0846C906637E9E009D1770,
				CF0846CA06637E9E009D1770,
				CF64C40C07B3C83B00DC23F2,
				CF64C40D07B3C83B00DC23F2,
				CF4836A807C0BEC000D96DC7,
				CF825D6C085386A80077AEAF,
				CF825D6E085386A80077AEAF,
				CF825D8A085386E10077AEAF,
				CF825D8C085386E10077AEAF,
				CF825D8E085386E10077AEAF,
				CF825D90085386E10077AEAF,
				CF825D92085386E10077AEAF,
				CF825D9A085386FD0077AEAF,
				CF825DAC085387240077AEAF,
				CF825DAE085387240077AEAF,
				CF825DB0085387240077AEAF,
				CF825DB5085387390077AEAF,
				CF825DB6085387390077AEAF,
				CF825DC2085387530077AEAF,
				CF825DC4085387530077AEAF,
				CF825DCC085387680077AEAF,
				CF825DEC0853878C0077AEAF,
				CF825DEE0853878C0077AEAF,
				CF825DF00853878C0077AEAF,
				CF825DF20853878C0077AEAF,
				CF825DF30853878C0077AEAF,
				CF825DF40853878C0077AEAF,
				CF825DF60853878C0077AEAF,
				CF825DF80853878C0077AEAF,
				CF825DFE085387EC0077AEAF,
			);
			isa = PBXHeadersBuildPhase;
			runOnlyForDeploymentPostprocessing = 0;
		};
		8DD76F640486A84900D96B5E = {
			buildActionMask = 2147483647;
			files = (
				CF2A8818058CCF07003EF2F4,
				CF2A8822058CCF0E003EF2F4,
				CF2A8827058CCF12003EF2F4,
				CF2A882B058CCF2E003EF2F4,
				CF2A882D058CCF2F003EF2F4,
				CF2A882F058CCF33003EF2F4,
				CF2A8842058CCF43003EF2F4,
				CF2A8844058CCF44003EF2F4,
				CF2A8846058CCF46003EF2F4,
				CF2A8848058CCF4A003EF2F4,
				CF2A884A058CCF4B003EF2F4,
				CF2A884C058CCF4D003EF2F4,
				CF2A884E058CCF4F003EF2F4,
				CF2A8850058CCF51003EF2F4,
				CF2A8852058CCF53003EF2F4,
				CF2A8854058CCF55003EF2F4,
				CF2A8856058CCF56003EF2F4,
				CF3B8A81058CD05D00D682D2,
				CFA61CB6061090380089CEA5,
				CFA61CB8061090380089CEA5,
				CFA61CBA061090380089CEA5,
				CFA61CBC061090380089CEA5,
				CFA61CBE061090380089CEA5,
				CFA61CC0061090380089CEA5,
				CFA61CD5061091C90089CEA5,
				CF907D6B06119D7700A366ED,
				CF361AB60611FE0900B38168,
				CF825D6B085386A80077AEAF,
				CF825D6D085386A80077AEAF,
				CF825D89085386E10077AEAF,
				CF825D8B085386E10077AEAF,
				CF825D8D085386E10077AEAF,
				CF825D8F085386E10077AEAF,
				CF825D91085386E10077AEAF,
				CF825D99085386FD0077AEAF,
				CF825DAB085387240077AEAF,
				CF825DAD085387240077AEAF,
				CF825DAF085387240077AEAF,
				CF825DC1085387530077AEAF,
				CF825DC3085387530077AEAF,
				CF825DCB085387680077AEAF,
				CF825DEB0853878C0077AEAF,
				CF825DED0853878C0077AEAF,
				CF825DEF0853878C0077AEAF,
				CF825DF10853878C0077AEAF,
				CF825DF50853878C0077AEAF,
				CF825DF70853878C0077AEAF,
				CF825DFD085387EC0077AEAF,
			);
			isa = PBXSourcesBuildPhase;
			runOnlyForDeploymentPostprocessing = 0;
		};
		8DD76F660486A84900D96B5E = {
			buildActionMask = 2147483647;
			files = (
				CF3B8A9C058CD21900D682D2,
			);
			isa = PBXFrameworksBuildPhase;
			runOnlyForDeploymentPostprocessing = 0;
		};
		8DD76F680486A84900D96B5E = {
			buildActionMask = 2147483647;
			files = (
			);
			isa = PBXRezBuildPhase;
			runOnlyForDeploymentPostprocessing = 0;
		};
		8DD76F690486A84900D96B5E = {
			buildActionMask = 8;
			dstPath = /usr/share/man/man1/;
			dstSubfolderSpec = 0;
			files = (
			);
			isa = PBXCopyFilesBuildPhase;
			runOnlyForDeploymentPostprocessing = 1;
		};
//8D0
//8D1
//8D2
//8D3
//8D4
//CF0
//CF1
//CF2
//CF3
//CF4
		CF0846BF06637E9E009D1770 = {
			fileEncoding = 5;
			isa = PBXFileReference;
			lastKnownFileType = sourcecode.c.h;
			path = C_bdd_descriptor.h;
			refType = 4;
			sourceTree = "<group>";
		};
		CF0846C006637E9E009D1770 = {
			fileEncoding = 5;
			isa = PBXFileReference;
			lastKnownFileType = sourcecode.c.h;
			path = C_bdd_set1.h;
			refType = 4;
			sourceTree = "<group>";
		};
		CF0846C106637E9E009D1770 = {
			fileEncoding = 5;
			isa = PBXFileReference;
			lastKnownFileType = sourcecode.c.h;
			path = C_bdd_set2.h;
			refType = 4;
			sourceTree = "<group>";
		};
		CF0846C206637E9E009D1770 = {
			fileEncoding = 5;
			isa = PBXFileReference;
			lastKnownFileType = sourcecode.c.h;
			path = C_bdd_set3.h;
			refType = 4;
			sourceTree = "<group>";
		};
		CF0846C306637E9E009D1770 = {
			fileEncoding = 5;
			isa = PBXFileReference;
			lastKnownFileType = sourcecode.c.h;
			path = C_bdd.h;
			refType = 4;
			sourceTree = "<group>";
		};
		CF0846C406637E9E009D1770 = {
			fileEncoding = 5;
			isa = PBXFileReference;
			lastKnownFileType = sourcecode.c.h;
			path = C_display_bdd.h;
			refType = 4;
			sourceTree = "<group>";
		};
		CF0846C506637E9E009D1770 = {
			fileRef = CF0846BF06637E9E009D1770;
			isa = PBXBuildFile;
			settings = {
			};
		};
		CF0846C606637E9E009D1770 = {
			fileRef = CF0846C006637E9E009D1770;
			isa = PBXBuildFile;
			settings = {
			};
		};
		CF0846C706637E9E009D1770 = {
			fileRef = CF0846C106637E9E009D1770;
			isa = PBXBuildFile;
			settings = {
			};
		};
		CF0846C806637E9E009D1770 = {
			fileRef = CF0846C206637E9E009D1770;
			isa = PBXBuildFile;
			settings = {
			};
		};
		CF0846C906637E9E009D1770 = {
			fileRef = CF0846C306637E9E009D1770;
			isa = PBXBuildFile;
			settings = {
			};
		};
		CF0846CA06637E9E009D1770 = {
			fileRef = CF0846C406637E9E009D1770;
			isa = PBXBuildFile;
			settings = {
			};
		};
		CF0846CB06637E9E009D1770 = {
			fileRef = CF0846BF06637E9E009D1770;
			isa = PBXBuildFile;
			settings = {
			};
		};
		CF0846CC06637E9E009D1770 = {
			fileRef = CF0846C006637E9E009D1770;
			isa = PBXBuildFile;
			settings = {
			};
		};
		CF0846CD06637E9E009D1770 = {
			fileRef = CF0846C106637E9E009D1770;
			isa = PBXBuildFile;
			settings = {
			};
		};
		CF0846CE06637E9E009D1770 = {
			fileRef = CF0846C206637E9E009D1770;
			isa = PBXBuildFile;
			settings = {
			};
		};
		CF0846CF06637E9E009D1770 = {
			fileRef = CF0846C306637E9E009D1770;
			isa = PBXBuildFile;
			settings = {
			};
		};
		CF0846D006637E9E009D1770 = {
			fileRef = CF0846C406637E9E009D1770;
			isa = PBXBuildFile;
			settings = {
			};
		};
		CF2A8818058CCF07003EF2F4 = {
			fileRef = CFF53902057A563000854C83;
			isa = PBXBuildFile;
			settings = {
			};
		};
		CF2A8822058CCF0E003EF2F4 = {
			fileRef = CF3FF0B805877B62000D2F8C;
			isa = PBXBuildFile;
			settings = {
			};
		};
		CF2A8823058CCF0F003EF2F4 = {
			fileRef = CF3FF0B905877B62000D2F8C;
			isa = PBXBuildFile;
			settings = {
			};
		};
		CF2A8827058CCF12003EF2F4 = {
			fileRef = CF86361A0586289600B23462;
			isa = PBXBuildFile;
			settings = {
			};
		};
		CF2A8828058CCF2B003EF2F4 = {
			fileRef = CF86361B0586289600B23462;
			isa = PBXBuildFile;
			settings = {
			};
		};
		CF2A882B058CCF2E003EF2F4 = {
			fileRef = CFF53877057A558F00854C83;
			isa = PBXBuildFile;
			settings = {
			};
		};
		CF2A882C058CCF2E003EF2F4 = {
			fileRef = CF3FF0BC05877B62000D2F8C;
			isa = PBXBuildFile;
			settings = {
			};
		};
		CF2A882D058CCF2F003EF2F4 = {
			fileRef = CF86365005862B0600B23462;
			isa = PBXBuildFile;
			settings = {
			};
		};
		CF2A882E058CCF30003EF2F4 = {
			fileRef = CF86365105862B0600B23462;
			isa = PBXBuildFile;
			settings = {
			};
		};
		CF2A882F058CCF33003EF2F4 = {
			fileRef = CFF5387B057A558F00854C83;
			isa = PBXBuildFile;
			settings = {
			};
		};
		CF2A8830058CCF33003EF2F4 = {
			fileRef = CF3FF0BD05877B62000D2F8C;
			isa = PBXBuildFile;
			settings = {
			};
		};
		CF2A8841058CCF42003EF2F4 = {
			fileRef = CF3FF0C005877B62000D2F8C;
			isa = PBXBuildFile;
			settings = {
			};
		};
		CF2A8842058CCF43003EF2F4 = {
			fileRef = CFF53881057A558F00854C83;
			isa = PBXBuildFile;
			settings = {
			};
		};
		CF2A8843058CCF43003EF2F4 = {
			fileRef = CF3FF0C105877B62000D2F8C;
			isa = PBXBuildFile;
			settings = {
			};
		};
		CF2A8844058CCF44003EF2F4 = {
			fileRef = CFF53883057A558F00854C83;
			isa = PBXBuildFile;
			settings = {
			};
		};
		CF2A8845058CCF45003EF2F4 = {
			fileRef = CF3FF0C205877B62000D2F8C;
			isa = PBXBuildFile;
			settings = {
			};
		};
		CF2A8846058CCF46003EF2F4 = {
			fileRef = CFF53885057A558F00854C83;
			isa = PBXBuildFile;
			settings = {
			};
		};
		CF2A8847058CCF49003EF2F4 = {
			fileRef = CF3FF0C305877B62000D2F8C;
			isa = PBXBuildFile;
			settings = {
			};
		};
		CF2A8848058CCF4A003EF2F4 = {
			fileRef = CFF53889057A558F00854C83;
			isa = PBXBuildFile;
			settings = {
			};
		};
		CF2A8849058CCF4B003EF2F4 = {
			fileRef = CF3FF0C405877B62000D2F8C;
			isa = PBXBuildFile;
			settings = {
			};
		};
		CF2A884A058CCF4B003EF2F4 = {
			fileRef = CFF5388B057A558F00854C83;
			isa = PBXBuildFile;
			settings = {
			};
		};
		CF2A884B058CCF4C003EF2F4 = {
			fileRef = CF3FF0C505877B62000D2F8C;
			isa = PBXBuildFile;
			settings = {
			};
		};
		CF2A884C058CCF4D003EF2F4 = {
			fileRef = CFF5388D057A558F00854C83;
			isa = PBXBuildFile;
			settings = {
			};
		};
		CF2A884D058CCF4E003EF2F4 = {
			fileRef = CF3FF0C605877B62000D2F8C;
			isa = PBXBuildFile;
			settings = {
			};
		};
		CF2A884E058CCF4F003EF2F4 = {
			fileRef = CFF5388F057A558F00854C83;
			isa = PBXBuildFile;
			settings = {
			};
		};
		CF2A884F058CCF50003EF2F4 = {
			fileRef = CF3FF0C705877B62000D2F8C;
			isa = PBXBuildFile;
			settings = {
			};
		};
		CF2A8850058CCF51003EF2F4 = {
			fileRef = CFF53891057A558F00854C83;
			isa = PBXBuildFile;
			settings = {
			};
		};
		CF2A8851058CCF52003EF2F4 = {
			fileRef = CF3FF0C805877B62000D2F8C;
			isa = PBXBuildFile;
			settings = {
			};
		};
		CF2A8852058CCF53003EF2F4 = {
			fileRef = CFF53893057A558F00854C83;
			isa = PBXBuildFile;
			settings = {
			};
		};
		CF2A8853058CCF54003EF2F4 = {
			fileRef = CF3FF0C905877B62000D2F8C;
			isa = PBXBuildFile;
			settings = {
			};
		};
		CF2A8854058CCF55003EF2F4 = {
			fileRef = CFF53895057A558F00854C83;
			isa = PBXBuildFile;
			settings = {
			};
		};
		CF2A8855058CCF55003EF2F4 = {
			fileRef = CF3FF0CA05877B62000D2F8C;
			isa = PBXBuildFile;
			settings = {
			};
		};
		CF2A8856058CCF56003EF2F4 = {
			fileRef = CFF53897057A558F00854C83;
			isa = PBXBuildFile;
			settings = {
			};
		};
		CF2A8857058CCF57003EF2F4 = {
			fileRef = CF3FF0CB05877B62000D2F8C;
			isa = PBXBuildFile;
			settings = {
			};
		};
		CF31E0ED0598DF5400814123 = {
			children = (
				CF825D75085386E00077AEAF,
				CF825D76085386E00077AEAF,
				CF825D77085386E00077AEAF,
				CF825D78085386E00077AEAF,
				CF825D79085386E00077AEAF,
				CF825D7A085386E10077AEAF,
				CF825D7B085386E10077AEAF,
				CF825D7C085386E10077AEAF,
				CF825D7D085386E10077AEAF,
				CF825D7E085386E10077AEAF,
			);
			isa = PBXGroup;
			path = command_line_interface;
			refType = 4;
			sourceTree = "<group>";
		};
		CF361AB60611FE0900B38168 = {
			fileRef = CFF53904057A563000854C83;
			isa = PBXBuildFile;
			settings = {
			};
		};
		CF3B8A80058CD05C00D682D2 = {
			fileRef = CF3FF0B705877B62000D2F8C;
			isa = PBXBuildFile;
			settings = {
			};
		};
		CF3B8A81058CD05D00D682D2 = {
			fileRef = CFF53872057A558F00854C83;
			isa = PBXBuildFile;
			settings = {
			};
		};
		CF3B8A9B058CD21900D682D2 = {
			isa = PBXFileReference;
			lastKnownFileType = archive.ar;
			name = "libstdc++.a";
			path = "/usr/lib/gcc/darwin/3.3/libstdc++.a";
			refType = 0;
			sourceTree = "<absolute>";
		};
		CF3B8A9C058CD21900D682D2 = {
			fileRef = CF3B8A9B058CD21900D682D2;
			isa = PBXBuildFile;
			settings = {
			};
		};
		CF3FF0B705877B62000D2F8C = {
			fileEncoding = 30;
			isa = PBXFileReference;
			lastKnownFileType = sourcecode.c.h;
			path = AC_galgas_io.h;
			refType = 4;
			sourceTree = "<group>";
		};
		CF3FF0B805877B62000D2F8C = {
			fileEncoding = 30;
			isa = PBXFileReference;
			lastKnownFileType = sourcecode.cpp.cpp;
			path = C_galgas_bdd.cpp;
			refType = 4;
			sourceTree = "<group>";
		};
		CF3FF0B905877B62000D2F8C = {
			fileEncoding = 30;
			isa = PBXFileReference;
			lastKnownFileType = sourcecode.c.h;
			path = C_galgas_bdd.h;
			refType = 4;
			sourceTree = "<group>";
		};
		CF3FF0BC05877B62000D2F8C = {
			fileEncoding = 30;
			isa = PBXFileReference;
			lastKnownFileType = sourcecode.c.h;
			path = C_galgas_stringset.h;
			refType = 4;
			sourceTree = "<group>";
		};
		CF3FF0BD05877B62000D2F8C = {
			fileEncoding = 30;
			isa = PBXFileReference;
			lastKnownFileType = sourcecode.c.h;
			path = C_galgas_uint_array.h;
			refType = 4;
			sourceTree = "<group>";
		};
		CF3FF0C005877B62000D2F8C = {
			fileEncoding = 30;
			isa = PBXFileReference;
			lastKnownFileType = sourcecode.c.h;
			path = galgas_header.h;
			refType = 4;
			sourceTree = "<group>";
		};
		CF3FF0C105877B62000D2F8C = {
			fileEncoding = 30;
			isa = PBXFileReference;
			lastKnownFileType = sourcecode.c.h;
			path = GGS_bool.h;
			refType = 4;
			sourceTree = "<group>";
		};
		CF3FF0C205877B62000D2F8C = {
			fileEncoding = 30;
			isa = PBXFileReference;
			lastKnownFileType = sourcecode.c.h;
			path = GGS_char.h;
			refType = 4;
			sourceTree = "<group>";
		};
		CF3FF0C305877B62000D2F8C = {
			fileEncoding = 30;
			isa = PBXFileReference;
			lastKnownFileType = sourcecode.c.h;
			path = GGS_dfloat.h;
			refType = 4;
			sourceTree = "<group>";
		};
		CF3FF0C405877B62000D2F8C = {
			fileEncoding = 30;
			isa = PBXFileReference;
			lastKnownFileType = sourcecode.c.h;
			path = GGS_lbool.h;
			refType = 4;
			sourceTree = "<group>";
		};
		CF3FF0C505877B62000D2F8C = {
			fileEncoding = 30;
			isa = PBXFileReference;
			lastKnownFileType = sourcecode.c.h;
			path = GGS_lchar.h;
			refType = 4;
			sourceTree = "<group>";
		};
		CF3FF0C605877B62000D2F8C = {
			fileEncoding = 30;
			isa = PBXFileReference;
			lastKnownFileType = sourcecode.c.h;
			path = GGS_ldfloat.h;
			refType = 4;
			sourceTree = "<group>";
		};
		CF3FF0C705877B62000D2F8C = {
			fileEncoding = 30;
			isa = PBXFileReference;
			lastKnownFileType = sourcecode.c.h;
			path = GGS_location.h;
			refType = 4;
			sourceTree = "<group>";
		};
		CF3FF0C805877B62000D2F8C = {
			fileEncoding = 30;
			isa = PBXFileReference;
			lastKnownFileType = sourcecode.c.h;
			path = GGS_lstring.h;
			refType = 4;
			sourceTree = "<group>";
		};
		CF3FF0C905877B62000D2F8C = {
			fileEncoding = 30;
			isa = PBXFileReference;
			lastKnownFileType = sourcecode.c.h;
			path = GGS_luint.h;
			refType = 4;
			sourceTree = "<group>";
		};
		CF3FF0CA05877B62000D2F8C = {
			fileEncoding = 30;
			isa = PBXFileReference;
			lastKnownFileType = sourcecode.c.h;
			path = GGS_string.h;
			refType = 4;
			sourceTree = "<group>";
		};
		CF3FF0CB05877B62000D2F8C = {
			fileEncoding = 30;
			isa = PBXFileReference;
			lastKnownFileType = sourcecode.c.h;
			path = GGS_uint.h;
			refType = 4;
			sourceTree = "<group>";
		};
		CF3FF14005878B33000D2F8C = {
			children = (
				CF825DB1085387390077AEAF,
				CF825DB2085387390077AEAF,
			);
			isa = PBXGroup;
			path = generic_arraies;
			refType = 4;
			sourceTree = "<group>";
		};
		CF4836A707C0BEC000D96DC7 = {
			fileEncoding = 5;
			isa = PBXFileReference;
			lastKnownFileType = sourcecode.c.h;
			path = AC_job.h;
			refType = 4;
			sourceTree = "<group>";
		};
		CF4836A807C0BEC000D96DC7 = {
			fileRef = CF4836A707C0BEC000D96DC7;
			isa = PBXBuildFile;
			settings = {
			};
		};
		CF4836A907C0BEC000D96DC7 = {
			fileRef = CF4836A707C0BEC000D96DC7;
			isa = PBXBuildFile;
			settings = {
			};
		};
		CF64C40A07B3C83B00DC23F2 = {
			fileEncoding = 5;
			isa = PBXFileReference;
			lastKnownFileType = sourcecode.c.h;
			path = AC_expression.h;
			refType = 4;
			sourceTree = "<group>";
		};
		CF64C40B07B3C83B00DC23F2 = {
			fileEncoding = 5;
			isa = PBXFileReference;
			lastKnownFileType = sourcecode.c.h;
			path = AC_machineDefinition.h;
			refType = 4;
			sourceTree = "<group>";
		};
		CF64C40C07B3C83B00DC23F2 = {
			fileRef = CF64C40A07B3C83B00DC23F2;
			isa = PBXBuildFile;
			settings = {
			};
		};
		CF64C40D07B3C83B00DC23F2 = {
			fileRef = CF64C40B07B3C83B00DC23F2;
			isa = PBXBuildFile;
			settings = {
			};
		};
		CF64C40E07B3C83B00DC23F2 = {
			fileRef = CF64C40A07B3C83B00DC23F2;
			isa = PBXBuildFile;
			settings = {
			};
		};
		CF64C40F07B3C83B00DC23F2 = {
			fileRef = CF64C40B07B3C83B00DC23F2;
			isa = PBXBuildFile;
			settings = {
			};
		};
		CF7A1400058CEFE2007126C1 = {
			buildActionMask = 2147483647;
			files = (
				CF7A146D058D00AA007126C1,
				CF7A1471058D00B2007126C1,
				CF7A1475058D00B5007126C1,
				CF7A1477058D00B7007126C1,
				CF7A1479058D00BF007126C1,
				CF7A1487058D00FE007126C1,
				CF7A148D058D0109007126C1,
				CF7A148F058D010B007126C1,
				CF7A1491058D010D007126C1,
				CF7A1493058D010F007126C1,
				CF7A1495058D0110007126C1,
				CF7A1497058D0112007126C1,
				CF7A1499058D0114007126C1,
				CF7A149B058D0116007126C1,
				CF7A149D058D011E007126C1,
				CF7A149F058D0120007126C1,
				CF7A14A1058D0122007126C1,
				CF7A14A3058D0124007126C1,
				CFA61CC4061090380089CEA5,
				CFA61CC6061090380089CEA5,
				CFA61CC8061090380089CEA5,
				CFA61CCA061090380089CEA5,
				CFA61CCC061090380089CEA5,
				CFA61CCE061090380089CEA5,
				CF0846CB06637E9E009D1770,
				CF0846CC06637E9E009D1770,
				CF0846CD06637E9E009D1770,
				CF0846CE06637E9E009D1770,
				CF0846CF06637E9E009D1770,
				CF0846D006637E9E009D1770,
				CF64C40E07B3C83B00DC23F2,
				CF64C40F07B3C83B00DC23F2,
				CF4836A907C0BEC000D96DC7,
				CF825D68085386A80077AEAF,
				CF825D6A085386A80077AEAF,
				CF825D80085386E10077AEAF,
				CF825D82085386E10077AEAF,
				CF825D84085386E10077AEAF,
				CF825D86085386E10077AEAF,
				CF825D88085386E10077AEAF,
				CF825D98085386FD0077AEAF,
				CF825DA6085387240077AEAF,
				CF825DA8085387240077AEAF,
				CF825DAA085387240077AEAF,
				CF825DB3085387390077AEAF,
				CF825DB4085387390077AEAF,
				CF825DBE085387530077AEAF,
				CF825DC0085387530077AEAF,
				CF825DCA085387680077AEAF,
				CF825DDE0853878C0077AEAF,
				CF825DE00853878C0077AEAF,
				CF825DE20853878C0077AEAF,
				CF825DE40853878C0077AEAF,
				CF825DE50853878C0077AEAF,
				CF825DE60853878C0077AEAF,
				CF825DE80853878C0077AEAF,
				CF825DEA0853878C0077AEAF,
				CF825DFC085387EC0077AEAF,
			);
			isa = PBXHeadersBuildPhase;
			runOnlyForDeploymentPostprocessing = 0;
		};
		CF7A1401058CEFE2007126C1 = {
			buildActionMask = 2147483647;
			files = (
				CF7A1462058D008C007126C1,
				CF7A1463058D0090007126C1,
				CF7A1464058D0096007126C1,
				CF7A1465058D009F007126C1,
				CF7A1466058D00A1007126C1,
				CF7A146A058D00A6007126C1,
				CF7A146C058D00A9007126C1,
				CF7A1470058D00B1007126C1,
				CF7A1474058D00B4007126C1,
				CF7A1476058D00B6007126C1,
				CF7A1478058D00BE007126C1,
				CF7A1486058D00FD007126C1,
				CF7A148E058D010A007126C1,
				CF7A1490058D010C007126C1,
				CF7A1492058D010E007126C1,
				CF7A1494058D0110007126C1,
				CF7A1496058D0111007126C1,
				CF7A1498058D0113007126C1,
				CF7A149A058D0115007126C1,
				CF7A149C058D011D007126C1,
				CF7A149E058D011F007126C1,
				CF7A14A0058D0121007126C1,
				CF7A14A2058D0123007126C1,
				CFA61CC3061090380089CEA5,
				CFA61CC5061090380089CEA5,
				CFA61CC7061090380089CEA5,
				CFA61CC9061090380089CEA5,
				CFA61CCB061090380089CEA5,
				CFA61CCD061090380089CEA5,
				CFA61CD6061091C90089CEA5,
				CF907D6C06119D7700A366ED,
				CF825D67085386A80077AEAF,
				CF825D69085386A80077AEAF,
				CF825D7F085386E10077AEAF,
				CF825D81085386E10077AEAF,
				CF825D83085386E10077AEAF,
				CF825D85085386E10077AEAF,
				CF825D87085386E10077AEAF,
				CF825D97085386FD0077AEAF,
				CF825DA5085387240077AEAF,
				CF825DA7085387240077AEAF,
				CF825DA9085387240077AEAF,
				CF825DBD085387530077AEAF,
				CF825DBF085387530077AEAF,
				CF825DC9085387680077AEAF,
				CF825DDD0853878C0077AEAF,
				CF825DDF0853878C0077AEAF,
				CF825DE10853878C0077AEAF,
				CF825DE30853878C0077AEAF,
				CF825DE70853878C0077AEAF,
				CF825DE90853878C0077AEAF,
				CF825DFB085387EC0077AEAF,
			);
			isa = PBXSourcesBuildPhase;
			runOnlyForDeploymentPostprocessing = 0;
		};
		CF7A1402058CEFE2007126C1 = {
			buildPhases = (
				CF7A1400058CEFE2007126C1,
				CF7A1401058CEFE2007126C1,
			);
			buildRules = (
				CFCD26350850C96400A26954,
			);
			buildSettings = {
				GCC_OPTIMIZATION_LEVEL = 0;
				GCC_PRECOMPILE_PREFIX_HEADER = NO;
				GCC_PREFIX_HEADER = "";
				GCC_WARN_FOUR_CHARACTER_CONSTANTS = NO;
				GCC_WARN_UNKNOWN_PRAGMAS = NO;
				HEADER_SEARCH_PATHS = "../galgas_sources/GALGAS_OUTPUT ../hand_coded_sources ../../libpm";
				INSTALL_PATH = /usr/local/bin;
				OTHER_CFLAGS = "";
				OTHER_LDFLAGS = "";
				OTHER_REZFLAGS = "";
				PRODUCT_NAME = saraDebug;
				SECTORDER_FLAGS = "";
				WARNING_CFLAGS = "-Wmost";
			};
			dependencies = (
			);
			isa = PBXNativeTarget;
			name = "Sara tool debug";
			productName = galgasDebug;
			productReference = CFA61CF8061095160089CEA5;
			productType = "com.apple.product-type.tool";
		};
		CF7A1462058D008C007126C1 = {
			fileRef = CFF53902057A563000854C83;
			isa = PBXBuildFile;
			settings = {
			};
		};
		CF7A1463058D0090007126C1 = {
			fileRef = CFF538F8057A563000854C83;
			isa = PBXBuildFile;
			settings = {
			};
		};
		CF7A1464058D0096007126C1 = {
			fileRef = CFF538FA057A563000854C83;
			isa = PBXBuildFile;
			settings = {
			};
		};
		CF7A1465058D009F007126C1 = {
			fileRef = CFF538FC057A563000854C83;
			isa = PBXBuildFile;
			settings = {
			};
		};
		CF7A1466058D00A1007126C1 = {
			fileRef = CFF538FE057A563000854C83;
			isa = PBXBuildFile;
			settings = {
			};
		};
		CF7A146A058D00A6007126C1 = {
			fileRef = CFF53904057A563000854C83;
			isa = PBXBuildFile;
			settings = {
			};
		};
		CF7A146C058D00A9007126C1 = {
			fileRef = CF3FF0B805877B62000D2F8C;
			isa = PBXBuildFile;
			settings = {
			};
		};
		CF7A146D058D00AA007126C1 = {
			fileRef = CF3FF0B905877B62000D2F8C;
			isa = PBXBuildFile;
			settings = {
			};
		};
		CF7A1470058D00B1007126C1 = {
			fileRef = CF86361A0586289600B23462;
			isa = PBXBuildFile;
			settings = {
			};
		};
		CF7A1471058D00B2007126C1 = {
			fileRef = CF86361B0586289600B23462;
			isa = PBXBuildFile;
			settings = {
			};
		};
		CF7A1474058D00B4007126C1 = {
			fileRef = CFF53877057A558F00854C83;
			isa = PBXBuildFile;
			settings = {
			};
		};
		CF7A1475058D00B5007126C1 = {
			fileRef = CF3FF0BC05877B62000D2F8C;
			isa = PBXBuildFile;
			settings = {
			};
		};
		CF7A1476058D00B6007126C1 = {
			fileRef = CF86365005862B0600B23462;
			isa = PBXBuildFile;
			settings = {
			};
		};
		CF7A1477058D00B7007126C1 = {
			fileRef = CF86365105862B0600B23462;
			isa = PBXBuildFile;
			settings = {
			};
		};
		CF7A1478058D00BE007126C1 = {
			fileRef = CFF5387B057A558F00854C83;
			isa = PBXBuildFile;
			settings = {
			};
		};
		CF7A1479058D00BF007126C1 = {
			fileRef = CF3FF0BD05877B62000D2F8C;
			isa = PBXBuildFile;
			settings = {
			};
		};
		CF7A1486058D00FD007126C1 = {
			fileRef = CFF53872057A558F00854C83;
			isa = PBXBuildFile;
			settings = {
			};
		};
		CF7A1487058D00FE007126C1 = {
			fileRef = CF3FF0B705877B62000D2F8C;
			isa = PBXBuildFile;
			settings = {
			};
		};
		CF7A148D058D0109007126C1 = {
			fileRef = CF3FF0C005877B62000D2F8C;
			isa = PBXBuildFile;
			settings = {
			};
		};
		CF7A148E058D010A007126C1 = {
			fileRef = CFF53881057A558F00854C83;
			isa = PBXBuildFile;
			settings = {
			};
		};
		CF7A148F058D010B007126C1 = {
			fileRef = CF3FF0C105877B62000D2F8C;
			isa = PBXBuildFile;
			settings = {
			};
		};
		CF7A1490058D010C007126C1 = {
			fileRef = CFF53883057A558F00854C83;
			isa = PBXBuildFile;
			settings = {
			};
		};
		CF7A1491058D010D007126C1 = {
			fileRef = CF3FF0C205877B62000D2F8C;
			isa = PBXBuildFile;
			settings = {
			};
		};
		CF7A1492058D010E007126C1 = {
			fileRef = CFF53885057A558F00854C83;
			isa = PBXBuildFile;
			settings = {
			};
		};
		CF7A1493058D010F007126C1 = {
			fileRef = CF3FF0C305877B62000D2F8C;
			isa = PBXBuildFile;
			settings = {
			};
		};
		CF7A1494058D0110007126C1 = {
			fileRef = CFF53889057A558F00854C83;
			isa = PBXBuildFile;
			settings = {
			};
		};
		CF7A1495058D0110007126C1 = {
			fileRef = CF3FF0C405877B62000D2F8C;
			isa = PBXBuildFile;
			settings = {
			};
		};
		CF7A1496058D0111007126C1 = {
			fileRef = CFF5388B057A558F00854C83;
			isa = PBXBuildFile;
			settings = {
			};
		};
		CF7A1497058D0112007126C1 = {
			fileRef = CF3FF0C505877B62000D2F8C;
			isa = PBXBuildFile;
			settings = {
			};
		};
		CF7A1498058D0113007126C1 = {
			fileRef = CFF5388D057A558F00854C83;
			isa = PBXBuildFile;
			settings = {
			};
		};
		CF7A1499058D0114007126C1 = {
			fileRef = CF3FF0C605877B62000D2F8C;
			isa = PBXBuildFile;
			settings = {
			};
		};
		CF7A149A058D0115007126C1 = {
			fileRef = CFF5388F057A558F00854C83;
			isa = PBXBuildFile;
			settings = {
			};
		};
		CF7A149B058D0116007126C1 = {
			fileRef = CF3FF0C705877B62000D2F8C;
			isa = PBXBuildFile;
			settings = {
			};
		};
		CF7A149C058D011D007126C1 = {
			fileRef = CFF53891057A558F00854C83;
			isa = PBXBuildFile;
			settings = {
			};
		};
		CF7A149D058D011E007126C1 = {
			fileRef = CF3FF0C805877B62000D2F8C;
			isa = PBXBuildFile;
			settings = {
			};
		};
		CF7A149E058D011F007126C1 = {
			fileRef = CFF53893057A558F00854C83;
			isa = PBXBuildFile;
			settings = {
			};
		};
		CF7A149F058D0120007126C1 = {
			fileRef = CF3FF0C905877B62000D2F8C;
			isa = PBXBuildFile;
			settings = {
			};
		};
		CF7A14A0058D0121007126C1 = {
			fileRef = CFF53895057A558F00854C83;
			isa = PBXBuildFile;
			settings = {
			};
		};
		CF7A14A1058D0122007126C1 = {
			fileRef = CF3FF0CA05877B62000D2F8C;
			isa = PBXBuildFile;
			settings = {
			};
		};
		CF7A14A2058D0123007126C1 = {
			fileRef = CFF53897057A558F00854C83;
			isa = PBXBuildFile;
			settings = {
			};
		};
		CF7A14A3058D0124007126C1 = {
			fileRef = CF3FF0CB05877B62000D2F8C;
			isa = PBXBuildFile;
			settings = {
			};
		};
		CF819BE607AE65D0000408D9 = {
			containerPortal = 2A37F4A9FDCFA73011CA2CEA;
			isa = PBXContainerItemProxy;
			proxyType = 1;
			remoteGlobalIDString = 8DD76F620486A84900D96B5E;
			remoteInfo = "sara tool";
		};
		CF819BE707AE65D0000408D9 = {
			isa = PBXTargetDependency;
			target = 8DD76F620486A84900D96B5E;
			targetProxy = CF819BE607AE65D0000408D9;
		};
		CF825D44085386810077AEAF = {
			fileEncoding = 5;
			isa = PBXFileReference;
			lastKnownFileType = sourcecode.c.h;
			path = F_CocoaWrapperForGalgas.h;
			refType = 4;
			sourceTree = "<group>";
		};
		CF825D45085386810077AEAF = {
			isa = PBXFileReference;
			lastKnownFileType = image.tiff;
			path = I_Action.tiff;
			refType = 4;
			sourceTree = "<group>";
		};
		CF825D46085386810077AEAF = {
			isa = PBXFileReference;
			lastKnownFileType = image.tiff;
			path = I_SaveAs.tiff;
			refType = 4;
			sourceTree = "<group>";
		};
		CF825D47085386810077AEAF = {
			isa = PBXFileReference;
			lastKnownFileType = image.tiff;
			path = I_Stop.tiff;
			refType = 4;
			sourceTree = "<group>";
		};
		CF825D48085386810077AEAF = {
			isa = PBXFileReference;
			lastKnownFileType = image.png;
			path = I_Window.png;
			refType = 4;
			sourceTree = "<group>";
		};
		CF825D49085386810077AEAF = {
			fileEncoding = 5;
			isa = PBXFileReference;
			lastKnownFileType = sourcecode.c.h;
			path = OC_GGS_BuildWindowController.h;
			refType = 4;
			sourceTree = "<group>";
		};
		CF825D4A085386810077AEAF = {
			fileEncoding = 5;
			isa = PBXFileReference;
			lastKnownFileType = sourcecode.cpp.objcpp;
			path = OC_GGS_BuildWindowController.mm;
			refType = 4;
			sourceTree = "<group>";
		};
		CF825D4B085386810077AEAF = {
			fileEncoding = 5;
			isa = PBXFileReference;
			lastKnownFileType = sourcecode.c.h;
			path = OC_GGS_Document.h;
			refType = 4;
			sourceTree = "<group>";
		};
		CF825D4C085386810077AEAF = {
			fileEncoding = 5;
			isa = PBXFileReference;
			lastKnownFileType = sourcecode.cpp.objcpp;
			path = OC_GGS_Document.mm;
			refType = 4;
			sourceTree = "<group>";
		};
		CF825D4D085386810077AEAF = {
			fileEncoding = 5;
			isa = PBXFileReference;
			lastKnownFileType = sourcecode.c.h;
			path = OC_GGS_PreferencesController.h;
			refType = 4;
			sourceTree = "<group>";
		};
		CF825D4E085386810077AEAF = {
			fileEncoding = 5;
			isa = PBXFileReference;
			lastKnownFileType = sourcecode.cpp.objcpp;
			path = OC_GGS_PreferencesController.mm;
			refType = 4;
			sourceTree = "<group>";
		};
		CF825D4F085386810077AEAF = {
			fileEncoding = 5;
			isa = PBXFileReference;
			lastKnownFileType = sourcecode.c.h;
			path = OC_GGS_RulerView.h;
			refType = 4;
			sourceTree = "<group>";
		};
		CF825D50085386810077AEAF = {
			fileEncoding = 5;
			isa = PBXFileReference;
			lastKnownFileType = sourcecode.cpp.objcpp;
			path = OC_GGS_RulerView.mm;
			refType = 4;
			sourceTree = "<group>";
		};
		CF825D51085386810077AEAF = {
			fileEncoding = 5;
			isa = PBXFileReference;
			lastKnownFileType = sourcecode.c.h;
			path = OC_GGS_TextView.h;
			refType = 4;
			sourceTree = "<group>";
		};
		CF825D52085386810077AEAF = {
			fileEncoding = 5;
			isa = PBXFileReference;
			lastKnownFileType = sourcecode.cpp.objcpp;
			path = OC_GGS_TextView.mm;
			refType = 4;
			sourceTree = "<group>";
		};
		CF825D53085386810077AEAF = {
			fileEncoding = 5;
			isa = PBXFileReference;
			lastKnownFileType = sourcecode.c.h;
			path = PP_CocoaGalgasPrefix.pch;
			refType = 4;
			sourceTree = "<group>";
		};
		CF825D54085386810077AEAF = {
			fileRef = CF825D45085386810077AEAF;
			isa = PBXBuildFile;
			settings = {
			};
		};
		CF825D55085386810077AEAF = {
			fileRef = CF825D46085386810077AEAF;
			isa = PBXBuildFile;
			settings = {
			};
		};
		CF825D56085386810077AEAF = {
			fileRef = CF825D47085386810077AEAF;
			isa = PBXBuildFile;
			settings = {
			};
		};
		CF825D57085386810077AEAF = {
			fileRef = CF825D48085386810077AEAF;
			isa = PBXBuildFile;
			settings = {
			};
		};
		CF825D58085386810077AEAF = {
			fileRef = CF825D4A085386810077AEAF;
			isa = PBXBuildFile;
			settings = {
			};
		};
		CF825D59085386810077AEAF = {
			fileRef = CF825D4C085386810077AEAF;
			isa = PBXBuildFile;
			settings = {
			};
		};
		CF825D5A085386810077AEAF = {
			fileRef = CF825D4E085386810077AEAF;
			isa = PBXBuildFile;
			settings = {
			};
		};
		CF825D5B085386810077AEAF = {
			fileRef = CF825D50085386810077AEAF;
			isa = PBXBuildFile;
			settings = {
			};
		};
		CF825D5C085386810077AEAF = {
			fileRef = CF825D52085386810077AEAF;
			isa = PBXBuildFile;
			settings = {
			};
		};
		CF825D5D0853868A0077AEAF = {
			children = (
				CF825D5E0853868A0077AEAF,
			);
			isa = PBXVariantGroup;
			name = MainMenu.nib;
			path = "";
			refType = 4;
			sourceTree = "<group>";
		};
		CF825D5E0853868A0077AEAF = {
			isa = PBXFileReference;
			lastKnownFileType = wrapper.nib;
			name = English;
			path = English.lproj/MainMenu.nib;
			refType = 4;
			sourceTree = "<group>";
		};
		CF825D5F0853868A0077AEAF = {
			children = (
				CF825D600853868A0077AEAF,
			);
			isa = PBXVariantGroup;
			name = OC_GGS_Document.nib;
			path = "";
			refType = 4;
			sourceTree = "<group>";
		};
		CF825D600853868A0077AEAF = {
			isa = PBXFileReference;
			lastKnownFileType = wrapper.nib;
			name = English;
			path = English.lproj/OC_GGS_Document.nib;
			refType = 4;
			sourceTree = "<group>";
		};
		CF825D610853868A0077AEAF = {
			fileRef = CF825D5D0853868A0077AEAF;
			isa = PBXBuildFile;
			settings = {
			};
		};
		CF825D620853868A0077AEAF = {
			fileRef = CF825D5F0853868A0077AEAF;
			isa = PBXBuildFile;
			settings = {
			};
		};
		CF825D63085386A80077AEAF = {
			fileEncoding = 5;
			isa = PBXFileReference;
			lastKnownFileType = sourcecode.cpp.cpp;
			path = C_PrimeCache2.cpp;
			refType = 4;
			sourceTree = "<group>";
		};
		CF825D64085386A80077AEAF = {
			fileEncoding = 5;
			isa = PBXFileReference;
			lastKnownFileType = sourcecode.c.h;
			path = C_PrimeCache2.h;
			refType = 4;
			sourceTree = "<group>";
		};
		CF825D65085386A80077AEAF = {
			fileEncoding = 5;
			isa = PBXFileReference;
			lastKnownFileType = sourcecode.cpp.cpp;
			path = C_PrimeCache3.cpp;
			refType = 4;
			sourceTree = "<group>";
		};
		CF825D66085386A80077AEAF = {
			fileEncoding = 5;
			isa = PBXFileReference;
			lastKnownFileType = sourcecode.c.h;
			path = C_PrimeCache3.h;
			refType = 4;
			sourceTree = "<group>";
		};
		CF825D67085386A80077AEAF = {
			fileRef = CF825D63085386A80077AEAF;
			isa = PBXBuildFile;
			settings = {
			};
		};
		CF825D68085386A80077AEAF = {
			fileRef = CF825D64085386A80077AEAF;
			isa = PBXBuildFile;
			settings = {
			};
		};
		CF825D69085386A80077AEAF = {
			fileRef = CF825D65085386A80077AEAF;
			isa = PBXBuildFile;
			settings = {
			};
		};
		CF825D6A085386A80077AEAF = {
			fileRef = CF825D66085386A80077AEAF;
			isa = PBXBuildFile;
			settings = {
			};
		};
		CF825D6B085386A80077AEAF = {
			fileRef = CF825D63085386A80077AEAF;
			isa = PBXBuildFile;
			settings = {
			};
		};
		CF825D6C085386A80077AEAF = {
			fileRef = CF825D64085386A80077AEAF;
			isa = PBXBuildFile;
			settings = {
			};
		};
		CF825D6D085386A80077AEAF = {
			fileRef = CF825D65085386A80077AEAF;
			isa = PBXBuildFile;
			settings = {
			};
		};
		CF825D6E085386A80077AEAF = {
			fileRef = CF825D66085386A80077AEAF;
			isa = PBXBuildFile;
			settings = {
			};
		};
		CF825D75085386E00077AEAF = {
			fileEncoding = 5;
			isa = PBXFileReference;
			lastKnownFileType = sourcecode.cpp.cpp;
			path = AC_CLI_Options.cpp;
			refType = 4;
			sourceTree = "<group>";
		};
		CF825D76085386E00077AEAF = {
			fileEncoding = 5;
			isa = PBXFileReference;
			lastKnownFileType = sourcecode.c.h;
			path = AC_CLI_Options.h;
			refType = 4;
			sourceTree = "<group>";
		};
		CF825D77085386E00077AEAF = {
			fileEncoding = 5;
			isa = PBXFileReference;
			lastKnownFileType = sourcecode.cpp.cpp;
			path = C_Builtin_CLI_Options.cpp;
			refType = 4;
			sourceTree = "<group>";
		};
		CF825D78085386E00077AEAF = {
			fileEncoding = 5;
			isa = PBXFileReference;
			lastKnownFileType = sourcecode.c.h;
			path = C_Builtin_CLI_Options.h;
			refType = 4;
			sourceTree = "<group>";
		};
		CF825D79085386E00077AEAF = {
			fileEncoding = 5;
			isa = PBXFileReference;
			lastKnownFileType = sourcecode.cpp.cpp;
			path = C_CLI_OptionGroup.cpp;
			refType = 4;
			sourceTree = "<group>";
		};
		CF825D7A085386E10077AEAF = {
			fileEncoding = 5;
			isa = PBXFileReference;
			lastKnownFileType = sourcecode.c.h;
			path = C_CLI_OptionGroup.h;
			refType = 4;
			sourceTree = "<group>";
		};
		CF825D7B085386E10077AEAF = {
			fileEncoding = 5;
			isa = PBXFileReference;
			lastKnownFileType = sourcecode.cpp.cpp;
			path = F_Analyze_CLI_Options.cpp;
			refType = 4;
			sourceTree = "<group>";
		};
		CF825D7C085386E10077AEAF = {
			fileEncoding = 5;
			isa = PBXFileReference;
			lastKnownFileType = sourcecode.c.h;
			path = F_Analyze_CLI_Options.h;
			refType = 4;
			sourceTree = "<group>";
		};
		CF825D7D085386E10077AEAF = {
			fileEncoding = 5;
			isa = PBXFileReference;
			lastKnownFileType = sourcecode.cpp.cpp;
			path = F_main.cpp;
			refType = 4;
			sourceTree = "<group>";
		};
		CF825D7E085386E10077AEAF = {
			fileEncoding = 5;
			isa = PBXFileReference;
			lastKnownFileType = sourcecode.c.h;
			path = mainForLIBPM.h;
			refType = 4;
			sourceTree = "<group>";
		};
		CF825D7F085386E10077AEAF = {
			fileRef = CF825D75085386E00077AEAF;
			isa = PBXBuildFile;
			settings = {
			};
		};
		CF825D80085386E10077AEAF = {
			fileRef = CF825D76085386E00077AEAF;
			isa = PBXBuildFile;
			settings = {
			};
		};
		CF825D81085386E10077AEAF = {
			fileRef = CF825D77085386E00077AEAF;
			isa = PBXBuildFile;
			settings = {
			};
		};
		CF825D82085386E10077AEAF = {
			fileRef = CF825D78085386E00077AEAF;
			isa = PBXBuildFile;
			settings = {
			};
		};
		CF825D83085386E10077AEAF = {
			fileRef = CF825D79085386E00077AEAF;
			isa = PBXBuildFile;
			settings = {
			};
		};
		CF825D84085386E10077AEAF = {
			fileRef = CF825D7A085386E10077AEAF;
			isa = PBXBuildFile;
			settings = {
			};
		};
		CF825D85085386E10077AEAF = {
			fileRef = CF825D7B085386E10077AEAF;
			isa = PBXBuildFile;
			settings = {
			};
		};
		CF825D86085386E10077AEAF = {
			fileRef = CF825D7C085386E10077AEAF;
			isa = PBXBuildFile;
			settings = {
			};
		};
		CF825D87085386E10077AEAF = {
			fileRef = CF825D7D085386E10077AEAF;
			isa = PBXBuildFile;
			settings = {
			};
		};
		CF825D88085386E10077AEAF = {
			fileRef = CF825D7E085386E10077AEAF;
			isa = PBXBuildFile;
			settings = {
			};
		};
		CF825D89085386E10077AEAF = {
			fileRef = CF825D75085386E00077AEAF;
			isa = PBXBuildFile;
			settings = {
			};
		};
		CF825D8A085386E10077AEAF = {
			fileRef = CF825D76085386E00077AEAF;
			isa = PBXBuildFile;
			settings = {
			};
		};
		CF825D8B085386E10077AEAF = {
			fileRef = CF825D77085386E00077AEAF;
			isa = PBXBuildFile;
			settings = {
			};
		};
		CF825D8C085386E10077AEAF = {
			fileRef = CF825D78085386E00077AEAF;
			isa = PBXBuildFile;
			settings = {
			};
		};
		CF825D8D085386E10077AEAF = {
			fileRef = CF825D79085386E00077AEAF;
			isa = PBXBuildFile;
			settings = {
			};
		};
		CF825D8E085386E10077AEAF = {
			fileRef = CF825D7A085386E10077AEAF;
			isa = PBXBuildFile;
			settings = {
			};
		};
		CF825D8F085386E10077AEAF = {
			fileRef = CF825D7B085386E10077AEAF;
			isa = PBXBuildFile;
			settings = {
			};
		};
		CF825D90085386E10077AEAF = {
			fileRef = CF825D7C085386E10077AEAF;
			isa = PBXBuildFile;
			settings = {
			};
		};
		CF825D91085386E10077AEAF = {
			fileRef = CF825D7D085386E10077AEAF;
			isa = PBXBuildFile;
			settings = {
			};
		};
		CF825D92085386E10077AEAF = {
			fileRef = CF825D7E085386E10077AEAF;
			isa = PBXBuildFile;
			settings = {
			};
		};
		CF825D95085386FD0077AEAF = {
			fileEncoding = 5;
			isa = PBXFileReference;
			lastKnownFileType = sourcecode.cpp.cpp;
			path = C_TextFileWrite.cpp;
			refType = 4;
			sourceTree = "<group>";
		};
		CF825D96085386FD0077AEAF = {
			fileEncoding = 5;
			isa = PBXFileReference;
			lastKnownFileType = sourcecode.c.h;
			path = C_TextFileWrite.h;
			refType = 4;
			sourceTree = "<group>";
		};
		CF825D97085386FD0077AEAF = {
			fileRef = CF825D95085386FD0077AEAF;
			isa = PBXBuildFile;
			settings = {
			};
		};
		CF825D98085386FD0077AEAF = {
			fileRef = CF825D96085386FD0077AEAF;
			isa = PBXBuildFile;
			settings = {
			};
		};
		CF825D99085386FD0077AEAF = {
			fileRef = CF825D95085386FD0077AEAF;
			isa = PBXBuildFile;
			settings = {
			};
		};
		CF825D9A085386FD0077AEAF = {
			fileRef = CF825D96085386FD0077AEAF;
			isa = PBXBuildFile;
			settings = {
			};
		};
		CF825D9F085387240077AEAF = {
			fileEncoding = 5;
			isa = PBXFileReference;
			lastKnownFileType = sourcecode.cpp.cpp;
			path = C_GGS_Object.cpp;
			refType = 4;
			sourceTree = "<group>";
		};
		CF825DA0085387240077AEAF = {
			fileEncoding = 5;
			isa = PBXFileReference;
			lastKnownFileType = sourcecode.c.h;
			path = C_GGS_Object.h;
			refType = 4;
			sourceTree = "<group>";
		};
		CF825DA1085387240077AEAF = {
			fileEncoding = 5;
			isa = PBXFileReference;
			lastKnownFileType = sourcecode.cpp.cpp;
			path = C_Lexique.cpp;
			refType = 4;
			sourceTree = "<group>";
		};
		CF825DA2085387240077AEAF = {
			fileEncoding = 5;
			isa = PBXFileReference;
			lastKnownFileType = sourcecode.c.h;
			path = C_Lexique.h;
			refType = 4;
			sourceTree = "<group>";
		};
		CF825DA3085387240077AEAF = {
			fileEncoding = 5;
			isa = PBXFileReference;
			lastKnownFileType = sourcecode.cpp.cpp;
			path = F_LexicalActions.cpp;
			refType = 4;
			sourceTree = "<group>";
		};
		CF825DA4085387240077AEAF = {
			fileEncoding = 5;
			isa = PBXFileReference;
			lastKnownFileType = sourcecode.c.h;
			path = F_LexicalActions.h;
			refType = 4;
			sourceTree = "<group>";
		};
		CF825DA5085387240077AEAF = {
			fileRef = CF825D9F085387240077AEAF;
			isa = PBXBuildFile;
			settings = {
			};
		};
		CF825DA6085387240077AEAF = {
			fileRef = CF825DA0085387240077AEAF;
			isa = PBXBuildFile;
			settings = {
			};
		};
		CF825DA7085387240077AEAF = {
			fileRef = CF825DA1085387240077AEAF;
			isa = PBXBuildFile;
			settings = {
			};
		};
		CF825DA8085387240077AEAF = {
			fileRef = CF825DA2085387240077AEAF;
			isa = PBXBuildFile;
			settings = {
			};
		};
		CF825DA9085387240077AEAF = {
			fileRef = CF825DA3085387240077AEAF;
			isa = PBXBuildFile;
			settings = {
			};
		};
		CF825DAA085387240077AEAF = {
			fileRef = CF825DA4085387240077AEAF;
			isa = PBXBuildFile;
			settings = {
			};
		};
		CF825DAB085387240077AEAF = {
			fileRef = CF825D9F085387240077AEAF;
			isa = PBXBuildFile;
			settings = {
			};
		};
		CF825DAC085387240077AEAF = {
			fileRef = CF825DA0085387240077AEAF;
			isa = PBXBuildFile;
			settings = {
			};
		};
		CF825DAD085387240077AEAF = {
			fileRef = CF825DA1085387240077AEAF;
			isa = PBXBuildFile;
			settings = {
			};
		};
		CF825DAE085387240077AEAF = {
			fileRef = CF825DA2085387240077AEAF;
			isa = PBXBuildFile;
			settings = {
			};
		};
		CF825DAF085387240077AEAF = {
			fileRef = CF825DA3085387240077AEAF;
			isa = PBXBuildFile;
			settings = {
			};
		};
		CF825DB0085387240077AEAF = {
			fileRef = CF825DA4085387240077AEAF;
			isa = PBXBuildFile;
			settings = {
			};
		};
		CF825DB1085387390077AEAF = {
			fileEncoding = 5;
			isa = PBXFileReference;
			lastKnownFileType = sourcecode.c.h;
			path = TC_UniqueArray.h;
			refType = 4;
			sourceTree = "<group>";
		};
		CF825DB2085387390077AEAF = {
			fileEncoding = 5;
			isa = PBXFileReference;
			lastKnownFileType = sourcecode.c.h;
			path = TC_UniqueFixedSizeArray.h;
			refType = 4;
			sourceTree = "<group>";
		};
		CF825DB3085387390077AEAF = {
			fileRef = CF825DB1085387390077AEAF;
			isa = PBXBuildFile;
			settings = {
			};
		};
		CF825DB4085387390077AEAF = {
			fileRef = CF825DB2085387390077AEAF;
			isa = PBXBuildFile;
			settings = {
			};
		};
		CF825DB5085387390077AEAF = {
			fileRef = CF825DB1085387390077AEAF;
			isa = PBXBuildFile;
			settings = {
			};
		};
		CF825DB6085387390077AEAF = {
			fileRef = CF825DB2085387390077AEAF;
			isa = PBXBuildFile;
			settings = {
			};
		};
		CF825DB9085387530077AEAF = {
			fileEncoding = 5;
			isa = PBXFileReference;
			lastKnownFileType = sourcecode.cpp.cpp;
			path = AC_OutputStream.cpp;
			refType = 4;
			sourceTree = "<group>";
		};
		CF825DBA085387530077AEAF = {
			fileEncoding = 5;
			isa = PBXFileReference;
			lastKnownFileType = sourcecode.c.h;
			path = AC_OutputStream.h;
			refType = 4;
			sourceTree = "<group>";
		};
		CF825DBB085387530077AEAF = {
			fileEncoding = 5;
			isa = PBXFileReference;
			lastKnownFileType = sourcecode.cpp.cpp;
			path = C_ConsoleOut.cpp;
			refType = 4;
			sourceTree = "<group>";
		};
		CF825DBC085387530077AEAF = {
			fileEncoding = 5;
			isa = PBXFileReference;
			lastKnownFileType = sourcecode.c.h;
			path = C_ConsoleOut.h;
			refType = 4;
			sourceTree = "<group>";
		};
		CF825DBD085387530077AEAF = {
			fileRef = CF825DB9085387530077AEAF;
			isa = PBXBuildFile;
			settings = {
			};
		};
		CF825DBE085387530077AEAF = {
			fileRef = CF825DBA085387530077AEAF;
			isa = PBXBuildFile;
			settings = {
			};
		};
		CF825DBF085387530077AEAF = {
			fileRef = CF825DBB085387530077AEAF;
			isa = PBXBuildFile;
			settings = {
			};
		};
		CF825DC0085387530077AEAF = {
			fileRef = CF825DBC085387530077AEAF;
			isa = PBXBuildFile;
			settings = {
			};
		};
		CF825DC1085387530077AEAF = {
			fileRef = CF825DB9085387530077AEAF;
			isa = PBXBuildFile;
			settings = {
			};
		};
		CF825DC2085387530077AEAF = {
			fileRef = CF825DBA085387530077AEAF;
			isa = PBXBuildFile;
			settings = {
			};
		};
		CF825DC3085387530077AEAF = {
			fileRef = CF825DBB085387530077AEAF;
			isa = PBXBuildFile;
			settings = {
			};
		};
		CF825DC4085387530077AEAF = {
			fileRef = CF825DBC085387530077AEAF;
			isa = PBXBuildFile;
			settings = {
			};
		};
		CF825DC7085387680077AEAF = {
			fileEncoding = 5;
			isa = PBXFileReference;
			lastKnownFileType = sourcecode.cpp.cpp;
			path = C_DateTime.cpp;
			refType = 4;
			sourceTree = "<group>";
		};
		CF825DC8085387680077AEAF = {
			fileEncoding = 5;
			isa = PBXFileReference;
			lastKnownFileType = sourcecode.c.h;
			path = C_DateTime.h;
			refType = 4;
			sourceTree = "<group>";
		};
		CF825DC9085387680077AEAF = {
			fileRef = CF825DC7085387680077AEAF;
			isa = PBXBuildFile;
			settings = {
			};
		};
		CF825DCA085387680077AEAF = {
			fileRef = CF825DC8085387680077AEAF;
			isa = PBXBuildFile;
			settings = {
			};
		};
		CF825DCB085387680077AEAF = {
			fileRef = CF825DC7085387680077AEAF;
			isa = PBXBuildFile;
			settings = {
			};
		};
		CF825DCC085387680077AEAF = {
			fileRef = CF825DC8085387680077AEAF;
			isa = PBXBuildFile;
			settings = {
			};
		};
		CF825DCF0853878C0077AEAF = {
			fileEncoding = 5;
			isa = PBXFileReference;
			lastKnownFileType = sourcecode.cpp.cpp;
			path = C_Exception.cpp;
			refType = 4;
			sourceTree = "<group>";
		};
		CF825DD00853878C0077AEAF = {
			fileEncoding = 5;
			isa = PBXFileReference;
			lastKnownFileType = sourcecode.c.h;
			path = C_Exception.h;
			refType = 4;
			sourceTree = "<group>";
		};
		CF825DD10853878C0077AEAF = {
			fileEncoding = 5;
			isa = PBXFileReference;
			lastKnownFileType = sourcecode.cpp.cpp;
			path = C_String.cpp;
			refType = 4;
			sourceTree = "<group>";
		};
		CF825DD20853878C0077AEAF = {
			fileEncoding = 5;
			isa = PBXFileReference;
			lastKnownFileType = sourcecode.c.h;
			path = C_String.h;
			refType = 4;
			sourceTree = "<group>";
		};
		CF825DD30853878C0077AEAF = {
			fileEncoding = 5;
			isa = PBXFileReference;
			lastKnownFileType = sourcecode.cpp.cpp;
			path = F_DisplayException.cpp;
			refType = 4;
			sourceTree = "<group>";
		};
		CF825DD40853878C0077AEAF = {
			fileEncoding = 5;
			isa = PBXFileReference;
			lastKnownFileType = sourcecode.c.h;
			path = F_DisplayException.h;
			refType = 4;
			sourceTree = "<group>";
		};
		CF825DD50853878C0077AEAF = {
			fileEncoding = 5;
			isa = PBXFileReference;
			lastKnownFileType = sourcecode.cpp.cpp;
			path = F_GetPrime.cpp;
			refType = 4;
			sourceTree = "<group>";
		};
		CF825DD60853878C0077AEAF = {
			fileEncoding = 5;
			isa = PBXFileReference;
			lastKnownFileType = sourcecode.c.h;
			path = F_GetPrime.h;
			refType = 4;
			sourceTree = "<group>";
		};
		CF825DD70853878C0077AEAF = {
			fileEncoding = 5;
			isa = PBXFileReference;
			lastKnownFileType = sourcecode.c.h;
			path = M_machine.h;
			refType = 4;
			sourceTree = "<group>";
		};
		CF825DD80853878C0077AEAF = {
			fileEncoding = 5;
			isa = PBXFileReference;
			lastKnownFileType = sourcecode.c.h;
			path = M_SourceLocation.h;
			refType = 4;
			sourceTree = "<group>";
		};
		CF825DD90853878C0077AEAF = {
			fileEncoding = 5;
			isa = PBXFileReference;
			lastKnownFileType = sourcecode.cpp.cpp;
			path = MF_Assert.cpp;
			refType = 4;
			sourceTree = "<group>";
		};
		CF825DDA0853878C0077AEAF = {
			fileEncoding = 5;
			isa = PBXFileReference;
			lastKnownFileType = sourcecode.c.h;
			path = MF_Assert.h;
			refType = 4;
			sourceTree = "<group>";
		};
		CF825DDB0853878C0077AEAF = {
			fileEncoding = 5;
			isa = PBXFileReference;
			lastKnownFileType = sourcecode.cpp.cpp;
			path = MF_MemoryControl.cpp;
			refType = 4;
			sourceTree = "<group>";
		};
		CF825DDC0853878C0077AEAF = {
			fileEncoding = 5;
			isa = PBXFileReference;
			lastKnownFileType = sourcecode.c.h;
			path = MF_MemoryControl.h;
			refType = 4;
			sourceTree = "<group>";
		};
		CF825DDD0853878C0077AEAF = {
			fileRef = CF825DCF0853878C0077AEAF;
			isa = PBXBuildFile;
			settings = {
			};
		};
		CF825DDE0853878C0077AEAF = {
			fileRef = CF825DD00853878C0077AEAF;
			isa = PBXBuildFile;
			settings = {
			};
		};
		CF825DDF0853878C0077AEAF = {
			fileRef = CF825DD10853878C0077AEAF;
			isa = PBXBuildFile;
			settings = {
			};
		};
		CF825DE00853878C0077AEAF = {
			fileRef = CF825DD20853878C0077AEAF;
			isa = PBXBuildFile;
			settings = {
			};
		};
		CF825DE10853878C0077AEAF = {
			fileRef = CF825DD30853878C0077AEAF;
			isa = PBXBuildFile;
			settings = {
			};
		};
		CF825DE20853878C0077AEAF = {
			fileRef = CF825DD40853878C0077AEAF;
			isa = PBXBuildFile;
			settings = {
			};
		};
		CF825DE30853878C0077AEAF = {
			fileRef = CF825DD50853878C0077AEAF;
			isa = PBXBuildFile;
			settings = {
			};
		};
		CF825DE40853878C0077AEAF = {
			fileRef = CF825DD60853878C0077AEAF;
			isa = PBXBuildFile;
			settings = {
			};
		};
		CF825DE50853878C0077AEAF = {
			fileRef = CF825DD70853878C0077AEAF;
			isa = PBXBuildFile;
			settings = {
			};
		};
		CF825DE60853878C0077AEAF = {
			fileRef = CF825DD80853878C0077AEAF;
			isa = PBXBuildFile;
			settings = {
			};
		};
		CF825DE70853878C0077AEAF = {
			fileRef = CF825DD90853878C0077AEAF;
			isa = PBXBuildFile;
			settings = {
			};
		};
		CF825DE80853878C0077AEAF = {
			fileRef = CF825DDA0853878C0077AEAF;
			isa = PBXBuildFile;
			settings = {
			};
		};
		CF825DE90853878C0077AEAF = {
			fileRef = CF825DDB0853878C0077AEAF;
			isa = PBXBuildFile;
			settings = {
			};
		};
		CF825DEA0853878C0077AEAF = {
			fileRef = CF825DDC0853878C0077AEAF;
			isa = PBXBuildFile;
			settings = {
			};
		};
		CF825DEB0853878C0077AEAF = {
			fileRef = CF825DCF0853878C0077AEAF;
			isa = PBXBuildFile;
			settings = {
			};
		};
		CF825DEC0853878C0077AEAF = {
			fileRef = CF825DD00853878C0077AEAF;
			isa = PBXBuildFile;
			settings = {
			};
		};
		CF825DED0853878C0077AEAF = {
			fileRef = CF825DD10853878C0077AEAF;
			isa = PBXBuildFile;
			settings = {
			};
		};
		CF825DEE0853878C0077AEAF = {
			fileRef = CF825DD20853878C0077AEAF;
			isa = PBXBuildFile;
			settings = {
			};
		};
		CF825DEF0853878C0077AEAF = {
			fileRef = CF825DD30853878C0077AEAF;
			isa = PBXBuildFile;
			settings = {
			};
		};
		CF825DF00853878C0077AEAF = {
			fileRef = CF825DD40853878C0077AEAF;
			isa = PBXBuildFile;
			settings = {
			};
		};
		CF825DF10853878C0077AEAF = {
			fileRef = CF825DD50853878C0077AEAF;
			isa = PBXBuildFile;
			settings = {
			};
		};
		CF825DF20853878C0077AEAF = {
			fileRef = CF825DD60853878C0077AEAF;
			isa = PBXBuildFile;
			settings = {
			};
		};
		CF825DF30853878C0077AEAF = {
			fileRef = CF825DD70853878C0077AEAF;
			isa = PBXBuildFile;
			settings = {
			};
		};
		CF825DF40853878C0077AEAF = {
			fileRef = CF825DD80853878C0077AEAF;
			isa = PBXBuildFile;
			settings = {
			};
		};
		CF825DF50853878C0077AEAF = {
			fileRef = CF825DD90853878C0077AEAF;
			isa = PBXBuildFile;
			settings = {
			};
		};
		CF825DF60853878C0077AEAF = {
			fileRef = CF825DDA0853878C0077AEAF;
			isa = PBXBuildFile;
			settings = {
			};
		};
		CF825DF70853878C0077AEAF = {
			fileRef = CF825DDB0853878C0077AEAF;
			isa = PBXBuildFile;
			settings = {
			};
		};
		CF825DF80853878C0077AEAF = {
			fileRef = CF825DDC0853878C0077AEAF;
			isa = PBXBuildFile;
			settings = {
			};
		};
		CF825DF9085387EC0077AEAF = {
			fileEncoding = 5;
			isa = PBXFileReference;
			lastKnownFileType = sourcecode.cpp.cpp;
			path = C_Timer.cpp;
			refType = 4;
			sourceTree = "<group>";
		};
		CF825DFA085387EC0077AEAF = {
			fileEncoding = 5;
			isa = PBXFileReference;
			lastKnownFileType = sourcecode.c.h;
			path = C_Timer.h;
			refType = 4;
			sourceTree = "<group>";
		};
		CF825DFB085387EC0077AEAF = {
			fileRef = CF825DF9085387EC0077AEAF;
			isa = PBXBuildFile;
			settings = {
			};
		};
		CF825DFC085387EC0077AEAF = {
			fileRef = CF825DFA085387EC0077AEAF;
			isa = PBXBuildFile;
			settings = {
			};
		};
		CF825DFD085387EC0077AEAF = {
			fileRef = CF825DF9085387EC0077AEAF;
			isa = PBXBuildFile;
			settings = {
			};
		};
		CF825DFE085387EC0077AEAF = {
			fileRef = CF825DFA085387EC0077AEAF;
			isa = PBXBuildFile;
			settings = {
			};
		};
		CF825DFF085388270077AEAF = {
			fileRef = CF825D79085386E00077AEAF;
			isa = PBXBuildFile;
			settings = {
			};
		};
		CF825E00085388280077AEAF = {
			fileRef = CF825D77085386E00077AEAF;
			isa = PBXBuildFile;
			settings = {
			};
		};
		CF825E01085388290077AEAF = {
			fileRef = CF825D75085386E00077AEAF;
			isa = PBXBuildFile;
			settings = {
			};
		};
		CF825E020853882D0077AEAF = {
			fileRef = CF825DA1085387240077AEAF;
			isa = PBXBuildFile;
			settings = {
			};
		};
		CF825E030853882F0077AEAF = {
			fileRef = CF825DA3085387240077AEAF;
			isa = PBXBuildFile;
			settings = {
			};
		};
		CF825E04085388410077AEAF = {
			fileRef = CF825DD10853878C0077AEAF;
			isa = PBXBuildFile;
			settings = {
			};
		};
		CF825E05085388470077AEAF = {
			fileRef = CF825DCF0853878C0077AEAF;
			isa = PBXBuildFile;
			settings = {
			};
		};
		CF825E060853884D0077AEAF = {
			fileRef = CF825DBB085387530077AEAF;
			isa = PBXBuildFile;
			settings = {
			};
		};
		CF825E070853884E0077AEAF = {
			fileRef = CF825DB9085387530077AEAF;
			isa = PBXBuildFile;
			settings = {
			};
		};
		CF825E080853885D0077AEAF = {
			fileRef = CF825D95085386FD0077AEAF;
			isa = PBXBuildFile;
			settings = {
			};
		};
		CF825E09085388600077AEAF = {
			fileRef = CF825DC7085387680077AEAF;
			isa = PBXBuildFile;
			settings = {
			};
		};
		CF86361A0586289600B23462 = {
			fileEncoding = 30;
			isa = PBXFileReference;
			lastKnownFileType = sourcecode.cpp.cpp;
			path = C_galgas_null_io.cpp;
			refType = 4;
			sourceTree = "<group>";
		};
		CF86361B0586289600B23462 = {
			fileEncoding = 30;
			isa = PBXFileReference;
			lastKnownFileType = sourcecode.c.h;
			path = C_galgas_null_io.h;
			refType = 4;
			sourceTree = "<group>";
		};
		CF86365005862B0600B23462 = {
			fileEncoding = 30;
			isa = PBXFileReference;
			lastKnownFileType = sourcecode.cpp.cpp;
			path = C_galgas_terminal_io.cpp;
			refType = 4;
			sourceTree = "<group>";
		};
		CF86365105862B0600B23462 = {
			fileEncoding = 30;
			isa = PBXFileReference;
			lastKnownFileType = sourcecode.c.h;
			path = C_galgas_terminal_io.h;
			refType = 4;
			sourceTree = "<group>";
		};
		CF8C665E0850719900BFE117 = {
			containerPortal = 2A37F4A9FDCFA73011CA2CEA;
			isa = PBXContainerItemProxy;
			proxyType = 1;
			remoteGlobalIDString = CF7A1402058CEFE2007126C1;
			remoteInfo = "Sara tool debug";
		};
		CF8C665F0850719900BFE117 = {
			isa = PBXTargetDependency;
			target = CF7A1402058CEFE2007126C1;
			targetProxy = CF8C665E0850719900BFE117;
		};
		CF9041F0057F687D007362F4 = {
			fileEncoding = 30;
			isa = PBXFileReference;
			lastKnownFileType = sourcecode.c.h;
			path = C_galgas_cocoa_io.h;
			refType = 4;
			sourceTree = "<group>";
		};
		CF904220057F6B8D007362F4 = {
			fileEncoding = 30;
			isa = PBXFileReference;
			lastKnownFileType = sourcecode.cpp.cpp;
			path = C_galgas_cocoa_io.cpp;
			refType = 4;
			sourceTree = "<group>";
		};
		CF907D6A06119D7700A366ED = {
			fileEncoding = 5;
			isa = PBXFileReference;
			lastKnownFileType = sourcecode.cpp.cpp;
			path = computation.cpp;
			refType = 4;
			sourceTree = "<group>";
		};
		CF907D6B06119D7700A366ED = {
			fileRef = CF907D6A06119D7700A366ED;
			isa = PBXBuildFile;
			settings = {
			};
		};
		CF907D6C06119D7700A366ED = {
			fileRef = CF907D6A06119D7700A366ED;
			isa = PBXBuildFile;
			settings = {
			};
		};
		CFA61CA8061090380089CEA5 = {
			fileEncoding = 30;
			isa = PBXFileReference;
			lastKnownFileType = sourcecode.cpp.objcpp;
			path = cocoa_sara.mm;
			refType = 4;
			sourceTree = "<group>";
		};
		CFA61CA9061090380089CEA5 = {
			fileEncoding = 30;
			isa = PBXFileReference;
			lastKnownFileType = sourcecode.cpp.cpp;
			path = sara_cli_options.cpp;
			refType = 4;
			sourceTree = "<group>";
		};
		CFA61CAA061090380089CEA5 = {
			fileEncoding = 30;
			isa = PBXFileReference;
			lastKnownFileType = sourcecode.c.h;
			path = sara_cli_options.h;
			refType = 4;
			sourceTree = "<group>";
		};
		CFA61CAB061090380089CEA5 = {
			fileEncoding = 30;
			isa = PBXFileReference;
			lastKnownFileType = sourcecode.cpp.cpp;
			path = sara_grammar.cpp;
			refType = 4;
			sourceTree = "<group>";
		};
		CFA61CAC061090380089CEA5 = {
			fileEncoding = 30;
			isa = PBXFileReference;
			lastKnownFileType = sourcecode.c.h;
			path = sara_grammar.h;
			refType = 4;
			sourceTree = "<group>";
		};
		CFA61CAD061090380089CEA5 = {
			fileEncoding = 30;
			isa = PBXFileReference;
			lastKnownFileType = sourcecode.cpp.cpp;
			path = sara_main.cpp;
			refType = 4;
			sourceTree = "<group>";
		};
		CFA61CAE061090380089CEA5 = {
			fileEncoding = 30;
			isa = PBXFileReference;
			lastKnownFileType = sourcecode.c.h;
			path = sara_main.h;
			refType = 4;
			sourceTree = "<group>";
		};
		CFA61CAF061090380089CEA5 = {
			fileEncoding = 30;
			isa = PBXFileReference;
			lastKnownFileType = sourcecode.cpp.cpp;
			path = sara_parser.cpp;
			refType = 4;
			sourceTree = "<group>";
		};
		CFA61CB0061090380089CEA5 = {
			fileEncoding = 30;
			isa = PBXFileReference;
			lastKnownFileType = sourcecode.c.h;
			path = sara_parser.h;
			refType = 4;
			sourceTree = "<group>";
		};
		CFA61CB1061090380089CEA5 = {
			fileEncoding = 30;
			isa = PBXFileReference;
			lastKnownFileType = sourcecode.cpp.cpp;
			path = sara_scanner.cpp;
			refType = 4;
			sourceTree = "<group>";
		};
		CFA61CB2061090380089CEA5 = {
			fileEncoding = 30;
			isa = PBXFileReference;
			lastKnownFileType = sourcecode.c.h;
			path = sara_scanner.h;
			refType = 4;
			sourceTree = "<group>";
		};
		CFA61CB3061090380089CEA5 = {
			fileEncoding = 30;
			isa = PBXFileReference;
			lastKnownFileType = sourcecode.cpp.cpp;
			path = sara_semantics.cpp;
			refType = 4;
			sourceTree = "<group>";
		};
		CFA61CB4061090380089CEA5 = {
			fileEncoding = 30;
			isa = PBXFileReference;
			lastKnownFileType = sourcecode.c.h;
			path = sara_semantics.h;
			refType = 4;
			sourceTree = "<group>";
		};
		CFA61CB6061090380089CEA5 = {
			fileRef = CFA61CA9061090380089CEA5;
			isa = PBXBuildFile;
			settings = {
			};
		};
		CFA61CB7061090380089CEA5 = {
			fileRef = CFA61CAA061090380089CEA5;
			isa = PBXBuildFile;
			settings = {
			};
		};
		CFA61CB8061090380089CEA5 = {
			fileRef = CFA61CAB061090380089CEA5;
			isa = PBXBuildFile;
			settings = {
			};
		};
		CFA61CB9061090380089CEA5 = {
			fileRef = CFA61CAC061090380089CEA5;
			isa = PBXBuildFile;
			settings = {
			};
		};
		CFA61CBA061090380089CEA5 = {
			fileRef = CFA61CAD061090380089CEA5;
			isa = PBXBuildFile;
			settings = {
			};
		};
		CFA61CBB061090380089CEA5 = {
			fileRef = CFA61CAE061090380089CEA5;
			isa = PBXBuildFile;
			settings = {
			};
		};
		CFA61CBC061090380089CEA5 = {
			fileRef = CFA61CAF061090380089CEA5;
			isa = PBXBuildFile;
			settings = {
			};
		};
		CFA61CBD061090380089CEA5 = {
			fileRef = CFA61CB0061090380089CEA5;
			isa = PBXBuildFile;
			settings = {
			};
		};
		CFA61CBE061090380089CEA5 = {
			fileRef = CFA61CB1061090380089CEA5;
			isa = PBXBuildFile;
			settings = {
			};
		};
		CFA61CBF061090380089CEA5 = {
			fileRef = CFA61CB2061090380089CEA5;
			isa = PBXBuildFile;
			settings = {
			};
		};
		CFA61CC0061090380089CEA5 = {
			fileRef = CFA61CB3061090380089CEA5;
			isa = PBXBuildFile;
			settings = {
			};
		};
		CFA61CC1061090380089CEA5 = {
			fileRef = CFA61CB4061090380089CEA5;
			isa = PBXBuildFile;
			settings = {
			};
		};
		CFA61CC3061090380089CEA5 = {
			fileRef = CFA61CA9061090380089CEA5;
			isa = PBXBuildFile;
			settings = {
			};
		};
		CFA61CC4061090380089CEA5 = {
			fileRef = CFA61CAA061090380089CEA5;
			isa = PBXBuildFile;
			settings = {
			};
		};
		CFA61CC5061090380089CEA5 = {
			fileRef = CFA61CAB061090380089CEA5;
			isa = PBXBuildFile;
			settings = {
			};
		};
		CFA61CC6061090380089CEA5 = {
			fileRef = CFA61CAC061090380089CEA5;
			isa = PBXBuildFile;
			settings = {
			};
		};
		CFA61CC7061090380089CEA5 = {
			fileRef = CFA61CAD061090380089CEA5;
			isa = PBXBuildFile;
			settings = {
			};
		};
		CFA61CC8061090380089CEA5 = {
			fileRef = CFA61CAE061090380089CEA5;
			isa = PBXBuildFile;
			settings = {
			};
		};
		CFA61CC9061090380089CEA5 = {
			fileRef = CFA61CAF061090380089CEA5;
			isa = PBXBuildFile;
			settings = {
			};
		};
		CFA61CCA061090380089CEA5 = {
			fileRef = CFA61CB0061090380089CEA5;
			isa = PBXBuildFile;
			settings = {
			};
		};
		CFA61CCB061090380089CEA5 = {
			fileRef = CFA61CB1061090380089CEA5;
			isa = PBXBuildFile;
			settings = {
			};
		};
		CFA61CCC061090380089CEA5 = {
			fileRef = CFA61CB2061090380089CEA5;
			isa = PBXBuildFile;
			settings = {
			};
		};
		CFA61CCD061090380089CEA5 = {
			fileRef = CFA61CB3061090380089CEA5;
			isa = PBXBuildFile;
			settings = {
			};
		};
		CFA61CCE061090380089CEA5 = {
			fileRef = CFA61CB4061090380089CEA5;
			isa = PBXBuildFile;
			settings = {
			};
		};
		CFA61CD4061091C90089CEA5 = {
			fileEncoding = 30;
			isa = PBXFileReference;
			lastKnownFileType = sourcecode.cpp.cpp;
			path = AC_galgas_map.cpp;
			refType = 4;
			sourceTree = "<group>";
		};
		CFA61CD5061091C90089CEA5 = {
			fileRef = CFA61CD4061091C90089CEA5;
			isa = PBXBuildFile;
			settings = {
			};
		};
		CFA61CD6061091C90089CEA5 = {
			fileRef = CFA61CD4061091C90089CEA5;
			isa = PBXBuildFile;
			settings = {
			};
		};
		CFA61CD7061092070089CEA5 = {
			fileRef = CFA61CA8061090380089CEA5;
			isa = PBXBuildFile;
			settings = {
			};
		};
		CFA61CD8061092090089CEA5 = {
			fileRef = CFA61CB1061090380089CEA5;
			isa = PBXBuildFile;
			settings = {
			};
		};
		CFA61CDA061092C10089CEA5 = {
			isa = PBXFileReference;
			lastKnownFileType = image.icns;
			path = saraApplication.icns;
			refType = 4;
			sourceTree = "<group>";
		};
		CFA61CDB061092C10089CEA5 = {
			isa = PBXFileReference;
			lastKnownFileType = image.icns;
			path = saraDocuments.icns;
			refType = 4;
			sourceTree = "<group>";
		};
		CFA61CDC061092C10089CEA5 = {
			fileRef = CFA61CDA061092C10089CEA5;
			isa = PBXBuildFile;
			settings = {
			};
		};
		CFA61CDD061092C10089CEA5 = {
			fileRef = CFA61CDB061092C10089CEA5;
			isa = PBXBuildFile;
			settings = {
			};
		};
		CFA61CDF0610934C0089CEA5 = {
			fileRef = CFA61CA9061090380089CEA5;
			isa = PBXBuildFile;
			settings = {
			};
		};
		CFA61CF6061095160089CEA5 = {
			explicitFileType = "compiled.mach-o.executable";
			includeInIndex = 0;
			isa = PBXFileReference;
			path = sara;
			refType = 3;
			sourceTree = BUILT_PRODUCTS_DIR;
		};
		CFA61CF8061095160089CEA5 = {
			explicitFileType = "compiled.mach-o.executable";
			includeInIndex = 0;
			isa = PBXFileReference;
			path = saraDebug;
			refType = 3;
			sourceTree = BUILT_PRODUCTS_DIR;
		};
		CFA61CFA0610951F0089CEA5 = {
			fileRef = CFA61CF6061095160089CEA5;
			isa = PBXBuildFile;
			settings = {
			};
		};
		CFA7AB90058DAD29009AC1FE = {
			buildSettings = {
				GCC_GENERATE_DEBUGGING_SYMBOLS = NO;
				GCC_OPTIMIZATION_LEVEL = 1;
			};
			isa = PBXBuildStyle;
			name = Deployment;
		};
		CFA7ADBD058DB57E009AC1FE = {
			fileRef = CFF53872057A558F00854C83;
			isa = PBXBuildFile;
			settings = {
			};
		};
		CFA7ADD7058DB5DF009AC1FE = {
			fileRef = CF86361A0586289600B23462;
			isa = PBXBuildFile;
			settings = {
			};
		};
		CFAD482E0591BCF700BF8381 = {
			children = (
				CF825D5D0853868A0077AEAF,
				CF825D5F0853868A0077AEAF,
				CF825D44085386810077AEAF,
				CF825D45085386810077AEAF,
				CF825D46085386810077AEAF,
				CF825D47085386810077AEAF,
				CF825D48085386810077AEAF,
				CF825D49085386810077AEAF,
				CF825D4A085386810077AEAF,
				CF825D4B085386810077AEAF,
				CF825D4C085386810077AEAF,
				CF825D4D085386810077AEAF,
				CF825D4E085386810077AEAF,
				CF825D4F085386810077AEAF,
				CF825D50085386810077AEAF,
				CF825D51085386810077AEAF,
				CF825D52085386810077AEAF,
				CF825D53085386810077AEAF,
			);
			isa = PBXGroup;
			path = cocoa_galgas;
			refType = 4;
			sourceTree = "<group>";
		};
		CFB4DAD0063CF5B7002FD35C = {
			fileEncoding = 5;
			isa = PBXFileReference;
			lastKnownFileType = sourcecode.cpp.objcpp;
			path = main.mm;
			refType = 4;
			sourceTree = "<group>";
		};
		CFB4DADB063CF5C3002FD35C = {
			fileRef = CFB4DAD0063CF5B7002FD35C;
			isa = PBXBuildFile;
			settings = {
			};
		};
		CFC30F92058A225E003D0386 = {
			fileEncoding = 30;
			isa = PBXFileReference;
			lastKnownFileType = text.plist;
			path = Info.plist;
			refType = 4;
			sourceTree = "<group>";
		};
		CFC30F93058A225E003D0386 = {
			fileRef = CFC30F92058A225E003D0386;
			isa = PBXBuildFile;
			settings = {
			};
		};
		CFCD26340850C95400A26954 = {
			compilerSpec = com.apple.compilers.gcc.3_3;
			fileType = sourcecode.c;
			isEditable = 1;
			isa = PBXBuildRule;
			outputFiles = (
			);
		};
		CFCD26350850C96400A26954 = {
			compilerSpec = com.apple.compilers.gcc.3_3;
			fileType = sourcecode.c;
			isEditable = 1;
			isa = PBXBuildRule;
			outputFiles = (
			);
		};
		CFCD26360850C97800A26954 = {
			compilerSpec = com.apple.compilers.gcc.3_3;
			fileType = sourcecode.c;
			isEditable = 1;
			isa = PBXBuildRule;
			outputFiles = (
			);
		};
		CFCD26D90850D5D000A26954 = {
			fileRef = CFA61CF8061095160089CEA5;
			isa = PBXBuildFile;
			settings = {
			};
		};
		CFF53732057A4E5000854C83 = {
			children = (
				CFA61CA8061090380089CEA5,
				CFA61CA9061090380089CEA5,
				CFA61CAA061090380089CEA5,
				CFA61CAB061090380089CEA5,
				CFA61CAC061090380089CEA5,
				CFA61CAD061090380089CEA5,
				CFA61CAE061090380089CEA5,
				CFA61CAF061090380089CEA5,
				CFA61CB0061090380089CEA5,
				CFA61CB1061090380089CEA5,
				CFA61CB2061090380089CEA5,
				CFA61CB3061090380089CEA5,
				CFA61CB4061090380089CEA5,
			);
			isa = PBXGroup;
			name = "Generated By Galgas";
			path = ../galgas_sources/GALGAS_OUTPUT;
			refType = 2;
			sourceTree = SOURCE_ROOT;
		};
		CFF53737057A4E9400854C83 = {
			children = (
				CF64C40A07B3C83B00DC23F2,
				CF4836A707C0BEC000D96DC7,
				CF64C40B07B3C83B00DC23F2,
				CF907D6A06119D7700A366ED,
			);
			isa = PBXGroup;
			name = "Hand Coded Sources";
			path = ../hand_coded_sources;
			refType = 2;
			sourceTree = SOURCE_ROOT;
		};
		CFF5381C057A545B00854C83 = {
			children = (
				CFF538F7057A560F00854C83,
				CFF538EE057A55F400854C83,
				CFAD482E0591BCF700BF8381,
				CF31E0ED0598DF5400814123,
				CFF538CC057A559D00854C83,
				CFF53871057A555E00854C83,
				CF3FF14005878B33000D2F8C,
				CFF53851057A54FB00854C83,
				CFF53846057A54DF00854C83,
				CFF5381F057A549B00854C83,
			);
			isa = PBXGroup;
			name = libpm;
			path = ../../libpm;
			refType = 2;
			sourceTree = SOURCE_ROOT;
		};
		CFF5381F057A549B00854C83 = {
			children = (
				CF825DCF0853878C0077AEAF,
				CF825DD00853878C0077AEAF,
				CF825DD10853878C0077AEAF,
				CF825DD20853878C0077AEAF,
				CF825DD30853878C0077AEAF,
				CF825DD40853878C0077AEAF,
				CF825DD50853878C0077AEAF,
				CF825DD60853878C0077AEAF,
				CF825DD70853878C0077AEAF,
				CF825DD80853878C0077AEAF,
				CF825DD90853878C0077AEAF,
				CF825DDA0853878C0077AEAF,
				CF825DDB0853878C0077AEAF,
				CF825DDC0853878C0077AEAF,
			);
			isa = PBXGroup;
			path = utilities;
			refType = 4;
			sourceTree = "<group>";
		};
		CFF53846057A54DF00854C83 = {
			children = (
				CF825DF9085387EC0077AEAF,
				CF825DFA085387EC0077AEAF,
				CF825DC7085387680077AEAF,
				CF825DC8085387680077AEAF,
			);
			isa = PBXGroup;
			path = time;
			refType = 4;
			sourceTree = "<group>";
		};
		CFF53851057A54FB00854C83 = {
			children = (
				CF825DB9085387530077AEAF,
				CF825DBA085387530077AEAF,
				CF825DBB085387530077AEAF,
				CF825DBC085387530077AEAF,
			);
			isa = PBXGroup;
			path = streams;
			refType = 4;
			sourceTree = "<group>";
		};
		CFF53871057A555E00854C83 = {
			children = (
				CF825D9F085387240077AEAF,
				CF825DA0085387240077AEAF,
				CF825DA1085387240077AEAF,
				CF825DA2085387240077AEAF,
				CF825DA3085387240077AEAF,
				CF825DA4085387240077AEAF,
				CFF53872057A558F00854C83,
				CFA61CD4061091C90089CEA5,
				CFF53877057A558F00854C83,
				CFF5387B057A558F00854C83,
				CFF53881057A558F00854C83,
				CFF53883057A558F00854C83,
				CFF53885057A558F00854C83,
				CFF53889057A558F00854C83,
				CFF5388B057A558F00854C83,
				CFF5388D057A558F00854C83,
				CFF5388F057A558F00854C83,
				CFF53891057A558F00854C83,
				CFF53893057A558F00854C83,
				CFF53895057A558F00854C83,
				CFF53897057A558F00854C83,
				CF9041F0057F687D007362F4,
				CF86365005862B0600B23462,
				CF86365105862B0600B23462,
				CF904220057F6B8D007362F4,
				CF86361A0586289600B23462,
				CF86361B0586289600B23462,
				CF3FF0B705877B62000D2F8C,
				CF3FF0B805877B62000D2F8C,
				CF3FF0B905877B62000D2F8C,
				CF3FF0BC05877B62000D2F8C,
				CF3FF0BD05877B62000D2F8C,
				CF3FF0C005877B62000D2F8C,
				CF3FF0C105877B62000D2F8C,
				CF3FF0C205877B62000D2F8C,
				CF3FF0C305877B62000D2F8C,
				CF3FF0C405877B62000D2F8C,
				CF3FF0C505877B62000D2F8C,
				CF3FF0C605877B62000D2F8C,
				CF3FF0C705877B62000D2F8C,
				CF3FF0C805877B62000D2F8C,
				CF3FF0C905877B62000D2F8C,
				CF3FF0CA05877B62000D2F8C,
				CF3FF0CB05877B62000D2F8C,
			);
			isa = PBXGroup;
			path = galgas;
			refType = 4;
			sourceTree = "<group>";
		};
		CFF53872057A558F00854C83 = {
			fileEncoding = 5;
			isa = PBXFileReference;
			lastKnownFileType = sourcecode.cpp.cpp;
			path = AC_galgas_io.cpp;
			refType = 4;
			sourceTree = "<group>";
		};
		CFF53877057A558F00854C83 = {
			fileEncoding = 5;
			isa = PBXFileReference;
			lastKnownFileType = sourcecode.cpp.cpp;
			path = C_galgas_stringset.cpp;
			refType = 4;
			sourceTree = "<group>";
		};
		CFF5387B057A558F00854C83 = {
			fileEncoding = 5;
			isa = PBXFileReference;
			lastKnownFileType = sourcecode.cpp.cpp;
			path = C_galgas_uint_array.cpp;
			refType = 4;
			sourceTree = "<group>";
		};
		CFF53881057A558F00854C83 = {
			fileEncoding = 5;
			isa = PBXFileReference;
			lastKnownFileType = sourcecode.cpp.cpp;
			path = GGS_bool.cpp;
			refType = 4;
			sourceTree = "<group>";
		};
		CFF53883057A558F00854C83 = {
			fileEncoding = 5;
			isa = PBXFileReference;
			lastKnownFileType = sourcecode.cpp.cpp;
			path = GGS_char.cpp;
			refType = 4;
			sourceTree = "<group>";
		};
		CFF53885057A558F00854C83 = {
			fileEncoding = 5;
			isa = PBXFileReference;
			lastKnownFileType = sourcecode.cpp.cpp;
			path = GGS_dfloat.cpp;
			refType = 4;
			sourceTree = "<group>";
		};
		CFF53889057A558F00854C83 = {
			fileEncoding = 5;
			isa = PBXFileReference;
			lastKnownFileType = sourcecode.cpp.cpp;
			path = GGS_lbool.cpp;
			refType = 4;
			sourceTree = "<group>";
		};
		CFF5388B057A558F00854C83 = {
			fileEncoding = 5;
			isa = PBXFileReference;
			lastKnownFileType = sourcecode.cpp.cpp;
			path = GGS_lchar.cpp;
			refType = 4;
			sourceTree = "<group>";
		};
		CFF5388D057A558F00854C83 = {
			fileEncoding = 5;
			isa = PBXFileReference;
			lastKnownFileType = sourcecode.cpp.cpp;
			path = GGS_ldfloat.cpp;
			refType = 4;
			sourceTree = "<group>";
		};
		CFF5388F057A558F00854C83 = {
			fileEncoding = 5;
			isa = PBXFileReference;
			lastKnownFileType = sourcecode.cpp.cpp;
			path = GGS_location.cpp;
			refType = 4;
			sourceTree = "<group>";
		};
		CFF53891057A558F00854C83 = {
			fileEncoding = 5;
			isa = PBXFileReference;
			lastKnownFileType = sourcecode.cpp.cpp;
			path = GGS_lstring.cpp;
			refType = 4;
			sourceTree = "<group>";
		};
		CFF53893057A558F00854C83 = {
			fileEncoding = 5;
			isa = PBXFileReference;
			lastKnownFileType = sourcecode.cpp.cpp;
			path = GGS_luint.cpp;
			refType = 4;
			sourceTree = "<group>";
		};
		CFF53895057A558F00854C83 = {
			fileEncoding = 5;
			isa = PBXFileReference;
			lastKnownFileType = sourcecode.cpp.cpp;
			path = GGS_string.cpp;
			refType = 4;
			sourceTree = "<group>";
		};
		CFF53897057A558F00854C83 = {
			fileEncoding = 5;
			isa = PBXFileReference;
			lastKnownFileType = sourcecode.cpp.cpp;
			path = GGS_uint.cpp;
			refType = 4;
			sourceTree = "<group>";
		};
		CFF538CC057A559D00854C83 = {
			children = (
				CF825D95085386FD0077AEAF,
				CF825D96085386FD0077AEAF,
			);
			isa = PBXGroup;
			path = files;
			refType = 4;
			sourceTree = "<group>";
		};
		CFF538EE057A55F400854C83 = {
			children = (
				CF825D63085386A80077AEAF,
				CF825D64085386A80077AEAF,
				CF825D65085386A80077AEAF,
				CF825D66085386A80077AEAF,
			);
			isa = PBXGroup;
			path = cache;
			refType = 4;
			sourceTree = "<group>";
		};
		CFF538F7057A560F00854C83 = {
			children = (
				CF0846BF06637E9E009D1770,
				CF0846C006637E9E009D1770,
				CF0846C106637E9E009D1770,
				CF0846C206637E9E009D1770,
				CF0846C306637E9E009D1770,
				CF0846C406637E9E009D1770,
				CFF538F8057A563000854C83,
				CFF538FA057A563000854C83,
				CFF538FC057A563000854C83,
				CFF538FE057A563000854C83,
				CFF53902057A563000854C83,
				CFF53904057A563000854C83,
			);
			isa = PBXGroup;
			path = bdd;
			refType = 4;
			sourceTree = "<group>";
		};
		CFF538F8057A563000854C83 = {
			fileEncoding = 5;
			isa = PBXFileReference;
			lastKnownFileType = sourcecode.cpp.cpp;
			path = C_bdd_descriptor.cpp;
			refType = 4;
			sourceTree = "<group>";
		};
		CFF538FA057A563000854C83 = {
			fileEncoding = 5;
			isa = PBXFileReference;
			lastKnownFileType = sourcecode.cpp.cpp;
			path = C_bdd_set1.cpp;
			refType = 4;
			sourceTree = "<group>";
		};
		CFF538FC057A563000854C83 = {
			fileEncoding = 5;
			isa = PBXFileReference;
			lastKnownFileType = sourcecode.cpp.cpp;
			path = C_bdd_set2.cpp;
			refType = 4;
			sourceTree = "<group>";
		};
		CFF538FE057A563000854C83 = {
			fileEncoding = 5;
			isa = PBXFileReference;
			lastKnownFileType = sourcecode.cpp.cpp;
			path = C_bdd_set3.cpp;
			refType = 4;
			sourceTree = "<group>";
		};
		CFF53902057A563000854C83 = {
			fileEncoding = 5;
			isa = PBXFileReference;
			lastKnownFileType = sourcecode.cpp.cpp;
			path = C_bdd.cpp;
			refType = 4;
			sourceTree = "<group>";
		};
		CFF53904057A563000854C83 = {
			fileEncoding = 5;
			isa = PBXFileReference;
			lastKnownFileType = sourcecode.cpp.cpp;
			path = C_display_bdd.cpp;
			refType = 4;
			sourceTree = "<group>";
		};
		CFF98D79058CCDA000176BCE = {
			children = (
			);
			isa = PBXGroup;
			name = Documentation;
			refType = 4;
			sourceTree = "<group>";
		};
	};
	rootObject = 2A37F4A9FDCFA73011CA2CEA;
}
